<?xml version="1.0" encoding="utf-8"?>
<Project ToolsVersion="4.0" xmlns="http://schemas.microsoft.com/developer/msbuild/2003">
  <ItemGroup>
    <Filter Include="Source Files">
      <UniqueIdentifier>{ec8b6b42-5205-4eef-b329-53626113b85f}</UniqueIdentifier>
      <Extensions>cpp;c;cxx;def;odl;idl;hpj;bat;asm</Extensions>
    </Filter>
    <Filter Include="Header Files">
      <UniqueIdentifier>{563b09f6-8519-417d-87a5-859daace901f}</UniqueIdentifier>
      <Extensions>h;hpp;hxx;hm;inl;inc</Extensions>
    </Filter>
    <Filter Include="Resource Files">
      <UniqueIdentifier>{7de5b5cb-54a0-4b1d-9220-f1314321141b}</UniqueIdentifier>
      <Extensions>rc;ico;cur;bmp;dlg;rc2;rct;bin;rgs;gif;jpg;jpeg;jpe</Extensions>
    </Filter>
  </ItemGroup>
  <ItemGroup>
    <ClCompile Include="..\AltairZ80\altairz80_cpu.c">
      <Filter>Source Files</Filter>
    </ClCompile>
    <ClCompile Include="..\AltairZ80\altairz80_cpu_nommu.c">
      <Filter>Source Files</Filter>
    </ClCompile>
    <ClCompile Include="..\AltairZ80\altairz80_dsk.c">
      <Filter>Source Files</Filter>
    </ClCompile>
    <ClCompile Include="..\AltairZ80\altairz80_hdsk.c">
      <Filter>Source Files</Filter>
    </ClCompile>
    <ClCompile Include="..\AltairZ80\altairz80_mhdsk.c">
      <Filter>Source Files</Filter>
    </ClCompile>
    <ClCompile Include="..\AltairZ80\altairz80_net.c">
      <Filter>Source Files</Filter>
    </ClCompile>
    <ClCompile Include="..\AltairZ80\altairz80_sio.c">
      <Filter>Source Files</Filter>
    </ClCompile>
    <ClCompile Include="..\AltairZ80\altairz80_sys.c">
      <Filter>Source Files</Filter>
    </ClCompile>
    <ClCompile Include="..\AltairZ80\disasm.c">
      <Filter>Source Files</Filter>
    </ClCompile>
    <ClCompile Include="..\AltairZ80\flashwriter2.c">
      <Filter>Source Files</Filter>
    </ClCompile>
    <ClCompile Include="..\AltairZ80\i8272.c">
      <Filter>Source Files</Filter>
    </ClCompile>
    <ClCompile Include="..\AltairZ80\i86_decode.c">
      <Filter>Source Files</Filter>
    </ClCompile>
    <ClCompile Include="..\AltairZ80\i86_ops.c">
      <Filter>Source Files</Filter>
    </ClCompile>
    <ClCompile Include="..\AltairZ80\i86_prim_ops.c">
      <Filter>Source Files</Filter>
    </ClCompile>
    <ClCompile Include="..\AltairZ80\insnsd.c">
      <Filter>Source Files</Filter>
    </ClCompile>
    <ClCompile Include="..\AltairZ80\m68k\m68kasm.c">
      <Filter>Source Files</Filter>
    </ClCompile>
    <ClCompile Include="..\AltairZ80\m68k\m68kcpu.c">
      <Filter>Source Files</Filter>
    </ClCompile>
    <ClCompile Include="..\AltairZ80\m68k\m68kdasm.c">
      <Filter>Source Files</Filter>
    </ClCompile>
    <ClCompile Include="..\AltairZ80\m68k\m68kopac.c">
      <Filter>Source Files</Filter>
    </ClCompile>
    <ClCompile Include="..\AltairZ80\m68k\m68kopdm.c">
      <Filter>Source Files</Filter>
    </ClCompile>
    <ClCompile Include="..\AltairZ80\m68k\m68kopnz.c">
      <Filter>Source Files</Filter>
    </ClCompile>
    <ClCompile Include="..\AltairZ80\m68k\m68kops.c">
      <Filter>Source Files</Filter>
    </ClCompile>
    <ClCompile Include="..\AltairZ80\m68ksim.c">
      <Filter>Source Files</Filter>
    </ClCompile>
    <ClCompile Include="..\AltairZ80\mfdc.c">
      <Filter>Source Files</Filter>
    </ClCompile>
    <ClCompile Include="..\AltairZ80\mmd.c">
      <Filter>Source Files</Filter>
    </ClCompile>
    <ClCompile Include="..\AltairZ80\n8vem.c">
      <Filter>Source Files</Filter>
    </ClCompile>
    <ClCompile Include="..\AltairZ80\s100_2sio.c">
      <Filter>Source Files</Filter>
    </ClCompile>
    <ClCompile Include="..\AltairZ80\s100_64fdc.c">
      <Filter>Source Files</Filter>
    </ClCompile>
    <ClCompile Include="..\AltairZ80\s100_adcs6.c">
      <Filter>Source Files</Filter>
    </ClCompile>
    <ClCompile Include="..\AltairZ80\s100_dazzler.c">
      <Filter>Source Files</Filter>
    </ClCompile>
    <ClCompile Include="..\AltairZ80\s100_disk1a.c">
      <Filter>Source Files</Filter>
    </ClCompile>
    <ClCompile Include="..\AltairZ80\s100_disk2.c">
      <Filter>Source Files</Filter>
    </ClCompile>
    <ClCompile Include="..\AltairZ80\s100_disk3.c">
      <Filter>Source Files</Filter>
    </ClCompile>
    <ClCompile Include="..\AltairZ80\s100_dj2d.c">
      <Filter>Source Files</Filter>
    </ClCompile>
    <ClCompile Include="..\AltairZ80\s100_djhdc.c">
      <Filter>Source Files</Filter>
    </ClCompile>
    <ClCompile Include="..\AltairZ80\s100_fif.c">
      <Filter>Source Files</Filter>
    </ClCompile>
    <ClCompile Include="..\AltairZ80\s100_hayes.c">
      <Filter>Source Files</Filter>
    </ClCompile>
    <ClCompile Include="..\AltairZ80\s100_hdc1001.c">
      <Filter>Source Files</Filter>
    </ClCompile>
    <ClCompile Include="..\AltairZ80\s100_icom.c">
      <Filter>Source Files</Filter>
    </ClCompile>
    <ClCompile Include="..\AltairZ80\s100_if3.c">
      <Filter>Source Files</Filter>
    </ClCompile>
    <ClCompile Include="..\AltairZ80\s100_jadedd.c">
      <Filter>Source Files</Filter>
    </ClCompile>
    <ClCompile Include="..\AltairZ80\s100_mdriveh.c">
      <Filter>Source Files</Filter>
    </ClCompile>
    <ClCompile Include="..\AltairZ80\s100_mdsa.c">
      <Filter>Source Files</Filter>
    </ClCompile>
    <ClCompile Include="..\AltairZ80\s100_mdsad.c">
      <Filter>Source Files</Filter>
    </ClCompile>
    <ClCompile Include="..\AltairZ80\s100_pmmi.c">
      <Filter>Source Files</Filter>
    </ClCompile>
    <ClCompile Include="..\AltairZ80\s100_scp300f.c">
      <Filter>Source Files</Filter>
    </ClCompile>
    <ClCompile Include="..\AltairZ80\s100_selchan.c">
      <Filter>Source Files</Filter>
    </ClCompile>
    <ClCompile Include="..\AltairZ80\s100_ss1.c">
      <Filter>Source Files</Filter>
    </ClCompile>
    <ClCompile Include="..\AltairZ80\s100_tarbell.c">
      <Filter>Source Files</Filter>
    </ClCompile>
    <ClCompile Include="..\AltairZ80\s100_tdd.c">
      <Filter>Source Files</Filter>
    </ClCompile>
    <ClCompile Include="..\scp.c">
      <Filter>Source Files</Filter>
    </ClCompile>
    <ClCompile Include="..\sim_console.c">
      <Filter>Source Files</Filter>
    </ClCompile>
    <ClCompile Include="..\sim_disk.c">
      <Filter>Source Files</Filter>
    </ClCompile>
    <ClCompile Include="..\sim_ether.c">
      <Filter>Source Files</Filter>
    </ClCompile>
    <ClCompile Include="..\sim_fio.c">
      <Filter>Source Files</Filter>
    </ClCompile>
    <ClCompile Include="..\sim_imd.c">
      <Filter>Source Files</Filter>
    </ClCompile>
    <ClCompile Include="..\sim_serial.c">
      <Filter>Source Files</Filter>
    </ClCompile>
    <ClCompile Include="..\sim_sock.c">
      <Filter>Source Files</Filter>
    </ClCompile>
    <ClCompile Include="..\sim_tape.c">
      <Filter>Source Files</Filter>
    </ClCompile>
    <ClCompile Include="..\sim_timer.c">
      <Filter>Source Files</Filter>
    </ClCompile>
    <ClCompile Include="..\sim_tmxr.c">
      <Filter>Source Files</Filter>
    </ClCompile>
    <ClCompile Include="..\sim_video.c">
      <Filter>Source Files</Filter>
    </ClCompile>
    <ClCompile Include="..\AltairZ80\m68k\softfloat\softfloat.c">
      <Filter>Source Files</Filter>
    </ClCompile>
    <ClCompile Include="..\AltairZ80\vfdhd.c">
      <Filter>Source Files</Filter>
    </ClCompile>
    <ClCompile Include="..\AltairZ80\wd179x.c">
      <Filter>Source Files</Filter>
    </ClCompile>
    <ClCompile Include="..\AltairZ80\s100_vdm1.c">
      <Filter>Source Files</Filter>
    </ClCompile>
    <ClCompile Include="..\AltairZ80\sol20.c">
      <Filter>Source Files</Filter>
    </ClCompile>
  </ItemGroup>
  <ItemGroup>
    <ClInclude Include="..\AltairZ80\altairz80_defs.h">
      <Filter>Header Files</Filter>
    </ClInclude>
    <ClInclude Include="..\AltairZ80\i8272.h">
      <Filter>Header Files</Filter>
    </ClInclude>
    <ClInclude Include="..\AltairZ80\i86.h">
      <Filter>Header Files</Filter>
    </ClInclude>
    <ClInclude Include="..\AltairZ80\insns.h">
      <Filter>Header Files</Filter>
    </ClInclude>
    <ClInclude Include="..\AltairZ80\m68k\m68k.h">
      <Filter>Header Files</Filter>
    </ClInclude>
    <ClInclude Include="..\AltairZ80\m68k\m68kconf.h">
      <Filter>Header Files</Filter>
    </ClInclude>
    <ClInclude Include="..\AltairZ80\m68k\m68kcpu.h">
      <Filter>Header Files</Filter>
    </ClInclude>
    <ClInclude Include="..\AltairZ80\m68k\m68kmmu.h">
      <Filter>Header Files</Filter>
    </ClInclude>
    <ClInclude Include="..\AltairZ80\m68k\m68kops.h">
      <Filter>Header Files</Filter>
    </ClInclude>
    <ClInclude Include="..\AltairZ80\m68ksim.h">
      <Filter>Header Files</Filter>
    </ClInclude>
    <ClInclude Include="..\AltairZ80\m68k\softfloat\mamesf.h">
      <Filter>Header Files</Filter>
    </ClInclude>
    <ClInclude Include="..\AltairZ80\mfdc.h">
      <Filter>Header Files</Filter>
    </ClInclude>
    <ClInclude Include="..\AltairZ80\m68k\softfloat\milieu.h">
      <Filter>Header Files</Filter>
    </ClInclude>
    <ClInclude Include="..\AltairZ80\nasm.h">
      <Filter>Header Files</Filter>
    </ClInclude>
    <ClInclude Include="..\scp.h">
      <Filter>Header Files</Filter>
    </ClInclude>
    <ClInclude Include="..\sim_console.h">
      <Filter>Header Files</Filter>
    </ClInclude>
    <ClInclude Include="..\sim_defs.h">
      <Filter>Header Files</Filter>
    </ClInclude>
    <ClInclude Include="..\sim_disk.h">
      <Filter>Header Files</Filter>
    </ClInclude>
    <ClInclude Include="..\sim_ether.h">
      <Filter>Header Files</Filter>
    </ClInclude>
    <ClInclude Include="..\sim_fio.h">
      <Filter>Header Files</Filter>
    </ClInclude>
    <ClInclude Include="..\sim_imd.h">
      <Filter>Header Files</Filter>
    </ClInclude>
    <ClInclude Include="..\sim_rev.h">
      <Filter>Header Files</Filter>
    </ClInclude>
    <ClInclude Include="..\sim_serial.h">
      <Filter>Header Files</Filter>
    </ClInclude>
    <ClInclude Include="..\sim_sock.h">
      <Filter>Header Files</Filter>
    </ClInclude>
    <ClInclude Include="..\sim_tape.h">
      <Filter>Header Files</Filter>
    </ClInclude>
    <ClInclude Include="..\sim_timer.h">
      <Filter>Header Files</Filter>
    </ClInclude>
    <ClInclude Include="..\sim_tmxr.h">
      <Filter>Header Files</Filter>
    </ClInclude>
    <ClInclude Include="..\sim_video.h">
      <Filter>Header Files</Filter>
    </ClInclude>
    <ClInclude Include="..\AltairZ80\m68k\softfloat\softfloat.h">
      <Filter>Header Files</Filter>
    </ClInclude>
    <ClInclude Include="..\AltairZ80\vfdhd.h">
      <Filter>Header Files</Filter>
    </ClInclude>
    <ClInclude Include="..\AltairZ80\wd179x.h">
      <Filter>Header Files</Filter>
    </ClInclude>
  </ItemGroup>
</Project>
