<?xml version="1.0" encoding="utf-8"?>
<Project ToolsVersion="4.0" xmlns="http://schemas.microsoft.com/developer/msbuild/2003">
  <ItemGroup>
    <Filter Include="Source Files">
      <UniqueIdentifier>{0fcfd9b4-60c3-4286-8bab-729ee5c726d4}</UniqueIdentifier>
      <Extensions>cpp;c;cxx;def;odl;idl;hpj;bat;asm</Extensions>
    </Filter>
    <Filter Include="Header Files">
      <UniqueIdentifier>{6d5e4e11-9ccb-4073-a4aa-ac747b1d1cb8}</UniqueIdentifier>
      <Extensions>h;hpp;hxx;hm;inl;inc</Extensions>
    </Filter>
    <Filter Include="Resource Files">
      <UniqueIdentifier>{06c60f5e-6257-455a-9609-f829477413b1}</UniqueIdentifier>
      <Extensions>rc;ico;cur;bmp;dlg;rc2;rct;bin;rgs;gif;jpg;jpeg;jpe</Extensions>
    </Filter>
  </ItemGroup>
  <ItemGroup>
    <ClCompile Include="..\BESM6\besm6_arith.c">
      <Filter>Source Files</Filter>
    </ClCompile>
    <ClCompile Include="..\BESM6\besm6_cpu.c">
      <Filter>Source Files</Filter>
    </ClCompile>
    <ClCompile Include="..\BESM6\besm6_disk.c">
      <Filter>Source Files</Filter>
    </ClCompile>
    <ClCompile Include="..\BESM6\besm6_drum.c">
      <Filter>Source Files</Filter>
    </ClCompile>
    <ClCompile Include="..\BESM6\besm6_mg.c">
      <Filter>Source Files</Filter>
    </ClCompile>
    <ClCompile Include="..\BESM6\besm6_mmu.c">
      <Filter>Source Files</Filter>
    </ClCompile>
    <ClCompile Include="..\BESM6\besm6_panel.c">
      <Filter>Source Files</Filter>
    </ClCompile>
    <ClCompile Include="..\BESM6\besm6_pl.c">
      <Filter>Source Files</Filter>
    </ClCompile>
    <ClCompile Include="..\BESM6\besm6_printer.c">
      <Filter>Source Files</Filter>
    </ClCompile>
    <ClCompile Include="..\BESM6\besm6_punch.c">
      <Filter>Source Files</Filter>
    </ClCompile>
    <ClCompile Include="..\BESM6\besm6_punchcard.c">
      <Filter>Source Files</Filter>
    </ClCompile>
    <ClCompile Include="..\BESM6\besm6_sys.c">
      <Filter>Source Files</Filter>
    </ClCompile>
    <ClCompile Include="..\BESM6\besm6_tty.c">
      <Filter>Source Files</Filter>
    </ClCompile>
    <ClCompile Include="..\BESM6\besm6_vu.c">
      <Filter>Source Files</Filter>
    </ClCompile>
    <ClCompile Include="..\scp.c">
      <Filter>Source Files</Filter>
    </ClCompile>
    <ClCompile Include="..\sim_console.c">
      <Filter>Source Files</Filter>
    </ClCompile>
    <ClCompile Include="..\sim_disk.c">
      <Filter>Source Files</Filter>
    </ClCompile>
    <ClCompile Include="..\sim_ether.c">
      <Filter>Source Files</Filter>
    </ClCompile>
    <ClCompile Include="..\sim_fio.c">
      <Filter>Source Files</Filter>
    </ClCompile>
    <ClCompile Include="..\sim_serial.c">
      <Filter>Source Files</Filter>
    </ClCompile>
    <ClCompile Include="..\sim_sock.c">
      <Filter>Source Files</Filter>
    </ClCompile>
    <ClCompile Include="..\sim_tape.c">
      <Filter>Source Files</Filter>
    </ClCompile>
    <ClCompile Include="..\sim_timer.c">
      <Filter>Source Files</Filter>
    </ClCompile>
    <ClCompile Include="..\sim_tmxr.c">
      <Filter>Source Files</Filter>
    </ClCompile>
    <ClCompile Include="..\sim_video.c">
      <Filter>Source Files</Filter>
    </ClCompile>
  </ItemGroup>
  <ItemGroup>
    <ClInclude Include="..\BESM6\besm6_defs.h">
      <Filter>Header Files</Filter>
    </ClInclude>
    <ClInclude Include="..\scp.h">
      <Filter>Header Files</Filter>
    </ClInclude>
    <ClInclude Include="..\sim_console.h">
      <Filter>Header Files</Filter>
    </ClInclude>
    <ClInclude Include="..\sim_defs.h">
      <Filter>Header Files</Filter>
    </ClInclude>
    <ClInclude Include="..\sim_disk.h">
      <Filter>Header Files</Filter>
    </ClInclude>
    <ClInclude Include="..\sim_ether.h">
      <Filter>Header Files</Filter>
    </ClInclude>
    <ClInclude Include="..\sim_fio.h">
      <Filter>Header Files</Filter>
    </ClInclude>
    <ClInclude Include="..\sim_rev.h">
      <Filter>Header Files</Filter>
    </ClInclude>
    <ClInclude Include="..\sim_serial.h">
      <Filter>Header Files</Filter>
    </ClInclude>
    <ClInclude Include="..\sim_sock.h">
      <Filter>Header Files</Filter>
    </ClInclude>
    <ClInclude Include="..\sim_tape.h">
      <Filter>Header Files</Filter>
    </ClInclude>
    <ClInclude Include="..\sim_timer.h">
      <Filter>Header Files</Filter>
    </ClInclude>
    <ClInclude Include="..\sim_tmxr.h">
      <Filter>Header Files</Filter>
    </ClInclude>
    <ClInclude Include="..\sim_video.h">
      <Filter>Header Files</Filter>
    </ClInclude>
  </ItemGroup>
</Project>