<?xml version="1.0" encoding="utf-8"?>
<Project ToolsVersion="4.0" xmlns="http://schemas.microsoft.com/developer/msbuild/2003">
  <ItemGroup>
    <Filter Include="Source Files">
      <UniqueIdentifier>{ef04e6cb-fc93-424d-b570-ea1e5deef251}</UniqueIdentifier>
      <Extensions>cpp;c;cxx;def;odl;idl;hpj;bat;asm</Extensions>
    </Filter>
    <Filter Include="Header Files">
      <UniqueIdentifier>{d6841c05-da35-4f9d-942b-e583259fc326}</UniqueIdentifier>
      <Extensions>h;hpp;hxx;hm;inl;inc</Extensions>
    </Filter>
    <Filter Include="Resource Files">
      <UniqueIdentifier>{aa81c5ac-e982-4b6b-99ce-19427a64f644}</UniqueIdentifier>
      <Extensions>rc;ico;cur;bmp;dlg;rc2;rct;bin;rgs;gif;jpg;jpeg;jpe</Extensions>
    </Filter>
  </ItemGroup>
  <ItemGroup>
    <ClCompile Include="..\CDC1700\cdc1700_cd.c">
      <Filter>Source Files</Filter>
    </ClCompile>
    <ClCompile Include="..\CDC1700\cdc1700_cpu.c">
      <Filter>Source Files</Filter>
    </ClCompile>
    <ClCompile Include="..\CDC1700\cdc1700_dc.c">
      <Filter>Source Files</Filter>
    </ClCompile>
    <ClCompile Include="..\CDC1700\cdc1700_dev1.c">
      <Filter>Source Files</Filter>
    </ClCompile>
    <ClCompile Include="..\CDC1700\cdc1700_dis.c">
      <Filter>Source Files</Filter>
    </ClCompile>
    <ClCompile Include="..\CDC1700\cdc1700_dp.c">
      <Filter>Source Files</Filter>
    </ClCompile>
    <ClCompile Include="..\CDC1700\cdc1700_drm.c">
      <Filter>Source Files</Filter>
    </ClCompile>
    <ClCompile Include="..\CDC1700\cdc1700_io.c">
      <Filter>Source Files</Filter>
    </ClCompile>
    <ClCompile Include="..\CDC1700\cdc1700_iofw.c">
      <Filter>Source Files</Filter>
    </ClCompile>
    <ClCompile Include="..\CDC1700\cdc1700_lp.c">
      <Filter>Source Files</Filter>
    </ClCompile>
    <ClCompile Include="..\CDC1700\cdc1700_msos5.c">
      <Filter>Source Files</Filter>
    </ClCompile>
    <ClCompile Include="..\CDC1700\cdc1700_mt.c">
      <Filter>Source Files</Filter>
    </ClCompile>
    <ClCompile Include="..\CDC1700\cdc1700_rtc.c">
      <Filter>Source Files</Filter>
    </ClCompile>
    <ClCompile Include="..\CDC1700\cdc1700_sym.c">
      <Filter>Source Files</Filter>
    </ClCompile>
    <ClCompile Include="..\CDC1700\cdc1700_sys.c">
      <Filter>Source Files</Filter>
    </ClCompile>
    <ClCompile Include="..\scp.c">
      <Filter>Source Files</Filter>
    </ClCompile>
    <ClCompile Include="..\sim_console.c">
      <Filter>Source Files</Filter>
    </ClCompile>
    <ClCompile Include="..\sim_disk.c">
      <Filter>Source Files</Filter>
    </ClCompile>
    <ClCompile Include="..\sim_ether.c">
      <Filter>Source Files</Filter>
    </ClCompile>
    <ClCompile Include="..\sim_fio.c">
      <Filter>Source Files</Filter>
    </ClCompile>
    <ClCompile Include="..\sim_serial.c">
      <Filter>Source Files</Filter>
    </ClCompile>
    <ClCompile Include="..\sim_sock.c">
      <Filter>Source Files</Filter>
    </ClCompile>
    <ClCompile Include="..\sim_tape.c">
      <Filter>Source Files</Filter>
    </ClCompile>
    <ClCompile Include="..\sim_timer.c">
      <Filter>Source Files</Filter>
    </ClCompile>
    <ClCompile Include="..\sim_tmxr.c">
      <Filter>Source Files</Filter>
    </ClCompile>
    <ClCompile Include="..\sim_video.c">
      <Filter>Source Files</Filter>
    </ClCompile>
  </ItemGroup>
  <ItemGroup>
    <ClInclude Include="..\CDC1700\cdc1700_defs.h">
      <Filter>Header Files</Filter>
    </ClInclude>
    <ClInclude Include="..\scp.h">
      <Filter>Header Files</Filter>
    </ClInclude>
    <ClInclude Include="..\sim_console.h">
      <Filter>Header Files</Filter>
    </ClInclude>
    <ClInclude Include="..\sim_defs.h">
      <Filter>Header Files</Filter>
    </ClInclude>
    <ClInclude Include="..\sim_disk.h">
      <Filter>Header Files</Filter>
    </ClInclude>
    <ClInclude Include="..\sim_ether.h">
      <Filter>Header Files</Filter>
    </ClInclude>
    <ClInclude Include="..\sim_fio.h">
      <Filter>Header Files</Filter>
    </ClInclude>
    <ClInclude Include="..\sim_rev.h">
      <Filter>Header Files</Filter>
    </ClInclude>
    <ClInclude Include="..\sim_serial.h">
      <Filter>Header Files</Filter>
    </ClInclude>
    <ClInclude Include="..\sim_sock.h">
      <Filter>Header Files</Filter>
    </ClInclude>
    <ClInclude Include="..\sim_tape.h">
      <Filter>Header Files</Filter>
    </ClInclude>
    <ClInclude Include="..\sim_timer.h">
      <Filter>Header Files</Filter>
    </ClInclude>
    <ClInclude Include="..\sim_tmxr.h">
      <Filter>Header Files</Filter>
    </ClInclude>
    <ClInclude Include="..\sim_video.h">
      <Filter>Header Files</Filter>
    </ClInclude>
  </ItemGroup>
</Project>