<?xml version="1.0" encoding="utf-8"?>
<Project ToolsVersion="4.0" xmlns="http://schemas.microsoft.com/developer/msbuild/2003">
  <ItemGroup>
    <Filter Include="Source Files">
      <UniqueIdentifier>{3bdf0fa5-98fd-4ae1-aa09-db842599a32d}</UniqueIdentifier>
      <Extensions>cpp;c;cxx;def;odl;idl;hpj;bat;asm</Extensions>
    </Filter>
    <Filter Include="Header Files">
      <UniqueIdentifier>{64a805e8-cf56-43ab-b6f1-c2d133bd9758}</UniqueIdentifier>
      <Extensions>h;hpp;hxx;hm;inl;inc</Extensions>
    </Filter>
    <Filter Include="Resource Files">
      <UniqueIdentifier>{36756018-a014-468f-bfa9-4f8c1ffe219b}</UniqueIdentifier>
      <Extensions>rc;ico;cur;bmp;dlg;rc2;rct;bin;rgs;gif;jpg;jpeg;jpe</Extensions>
    </Filter>
  </ItemGroup>
  <ItemGroup>
    <ClCompile Include="..\GRI\gri_cpu.c">
      <Filter>Source Files</Filter>
    </ClCompile>
    <ClCompile Include="..\GRI\gri_stddev.c">
      <Filter>Source Files</Filter>
    </ClCompile>
    <ClCompile Include="..\GRI\gri_sys.c">
      <Filter>Source Files</Filter>
    </ClCompile>
    <ClCompile Include="..\scp.c">
      <Filter>Source Files</Filter>
    </ClCompile>
    <ClCompile Include="..\sim_console.c">
      <Filter>Source Files</Filter>
    </ClCompile>
    <ClCompile Include="..\sim_disk.c">
      <Filter>Source Files</Filter>
    </ClCompile>
    <ClCompile Include="..\sim_ether.c">
      <Filter>Source Files</Filter>
    </ClCompile>
    <ClCompile Include="..\sim_fio.c">
      <Filter>Source Files</Filter>
    </ClCompile>
    <ClCompile Include="..\sim_serial.c">
      <Filter>Source Files</Filter>
    </ClCompile>
    <ClCompile Include="..\sim_sock.c">
      <Filter>Source Files</Filter>
    </ClCompile>
    <ClCompile Include="..\sim_tape.c">
      <Filter>Source Files</Filter>
    </ClCompile>
    <ClCompile Include="..\sim_timer.c">
      <Filter>Source Files</Filter>
    </ClCompile>
    <ClCompile Include="..\sim_tmxr.c">
      <Filter>Source Files</Filter>
    </ClCompile>
    <ClCompile Include="..\sim_video.c">
      <Filter>Source Files</Filter>
    </ClCompile>
  </ItemGroup>
  <ItemGroup>
    <ClInclude Include="..\GRI\gri_defs.h">
      <Filter>Header Files</Filter>
    </ClInclude>
    <ClInclude Include="..\scp.h">
      <Filter>Header Files</Filter>
    </ClInclude>
    <ClInclude Include="..\sim_console.h">
      <Filter>Header Files</Filter>
    </ClInclude>
    <ClInclude Include="..\sim_defs.h">
      <Filter>Header Files</Filter>
    </ClInclude>
    <ClInclude Include="..\sim_disk.h">
      <Filter>Header Files</Filter>
    </ClInclude>
    <ClInclude Include="..\sim_ether.h">
      <Filter>Header Files</Filter>
    </ClInclude>
    <ClInclude Include="..\sim_fio.h">
      <Filter>Header Files</Filter>
    </ClInclude>
    <ClInclude Include="..\sim_rev.h">
      <Filter>Header Files</Filter>
    </ClInclude>
    <ClInclude Include="..\sim_serial.h">
      <Filter>Header Files</Filter>
    </ClInclude>
    <ClInclude Include="..\sim_sock.h">
      <Filter>Header Files</Filter>
    </ClInclude>
    <ClInclude Include="..\sim_tape.h">
      <Filter>Header Files</Filter>
    </ClInclude>
    <ClInclude Include="..\sim_timer.h">
      <Filter>Header Files</Filter>
    </ClInclude>
    <ClInclude Include="..\sim_tmxr.h">
      <Filter>Header Files</Filter>
    </ClInclude>
    <ClInclude Include="..\sim_video.h">
      <Filter>Header Files</Filter>
    </ClInclude>
  </ItemGroup>
</Project>