<?xml version="1.0" encoding="utf-8"?>
<Project ToolsVersion="4.0" xmlns="http://schemas.microsoft.com/developer/msbuild/2003">
  <ItemGroup>
    <Filter Include="Source Files">
      <UniqueIdentifier>{a0de8aa8-1f79-4f2c-af65-03e0e4e0478d}</UniqueIdentifier>
      <Extensions>cpp;c;cxx;def;odl;idl;hpj;bat;asm</Extensions>
    </Filter>
    <Filter Include="Header Files">
      <UniqueIdentifier>{d51f6ac5-887f-40c3-ba54-88a86d58ac36}</UniqueIdentifier>
      <Extensions>h;hpp;hxx;hm;inl;inc</Extensions>
    </Filter>
    <Filter Include="Resource Files">
      <UniqueIdentifier>{615a721e-162f-441e-86c4-0076338506f8}</UniqueIdentifier>
      <Extensions>rc;ico;cur;bmp;dlg;rc2;rct;bin;rgs;gif;jpg;jpeg;jpe</Extensions>
    </Filter>
  </ItemGroup>
  <ItemGroup>
    <ClCompile Include="..\HP3000\hp3000_atc.c">
      <Filter>Source Files</Filter>
    </ClCompile>
    <ClCompile Include="..\HP3000\hp3000_clk.c">
      <Filter>Source Files</Filter>
    </ClCompile>
    <ClCompile Include="..\HP3000\hp3000_cpu.c">
      <Filter>Source Files</Filter>
    </ClCompile>
    <ClCompile Include="..\HP3000\hp3000_cpu_base.c">
      <Filter>Source Files</Filter>
    </ClCompile>
    <ClCompile Include="..\HP3000\hp3000_cpu_cis.c">
      <Filter>Source Files</Filter>
    </ClCompile>
    <ClCompile Include="..\HP3000\hp3000_cpu_fp.c">
      <Filter>Source Files</Filter>
    </ClCompile>
    <ClCompile Include="..\HP3000\hp3000_ds.c">
      <Filter>Source Files</Filter>
    </ClCompile>
    <ClCompile Include="..\HP3000\hp3000_iop.c">
      <Filter>Source Files</Filter>
    </ClCompile>
    <ClCompile Include="..\HP3000\hp3000_lp.c">
      <Filter>Source Files</Filter>
    </ClCompile>
    <ClCompile Include="..\HP3000\hp3000_mem.c">
      <Filter>Source Files</Filter>
    </ClCompile>
    <ClCompile Include="..\HP3000\hp3000_mpx.c">
      <Filter>Source Files</Filter>
    </ClCompile>
    <ClCompile Include="..\HP3000\hp3000_ms.c">
      <Filter>Source Files</Filter>
    </ClCompile>
    <ClCompile Include="..\HP3000\hp3000_scmb.c">
      <Filter>Source Files</Filter>
    </ClCompile>
    <ClCompile Include="..\HP3000\hp3000_sel.c">
      <Filter>Source Files</Filter>
    </ClCompile>
    <ClCompile Include="..\HP3000\hp3000_sys.c">
      <Filter>Source Files</Filter>
    </ClCompile>
    <ClCompile Include="..\HP3000\hp_disclib.c">
      <Filter>Source Files</Filter>
    </ClCompile>
    <ClCompile Include="..\HP3000\hp_tapelib.c">
      <Filter>Source Files</Filter>
    </ClCompile>
    <ClCompile Include="..\scp.c">
      <Filter>Source Files</Filter>
    </ClCompile>
    <ClCompile Include="..\sim_console.c">
      <Filter>Source Files</Filter>
    </ClCompile>
    <ClCompile Include="..\sim_disk.c">
      <Filter>Source Files</Filter>
    </ClCompile>
    <ClCompile Include="..\sim_ether.c">
      <Filter>Source Files</Filter>
    </ClCompile>
    <ClCompile Include="..\sim_fio.c">
      <Filter>Source Files</Filter>
    </ClCompile>
    <ClCompile Include="..\sim_serial.c">
      <Filter>Source Files</Filter>
    </ClCompile>
    <ClCompile Include="..\sim_sock.c">
      <Filter>Source Files</Filter>
    </ClCompile>
    <ClCompile Include="..\sim_tape.c">
      <Filter>Source Files</Filter>
    </ClCompile>
    <ClCompile Include="..\sim_timer.c">
      <Filter>Source Files</Filter>
    </ClCompile>
    <ClCompile Include="..\sim_tmxr.c">
      <Filter>Source Files</Filter>
    </ClCompile>
    <ClCompile Include="..\sim_video.c">
      <Filter>Source Files</Filter>
    </ClCompile>
  </ItemGroup>
  <ItemGroup>
    <ClInclude Include="..\HP3000\hp3000_cpu.h">
      <Filter>Header Files</Filter>
    </ClInclude>
    <ClInclude Include="..\HP3000\hp3000_cpu_fp.h">
      <Filter>Header Files</Filter>
    </ClInclude>
    <ClInclude Include="..\HP3000\hp3000_cpu_ims.h">
      <Filter>Header Files</Filter>
    </ClInclude>
    <ClInclude Include="..\HP3000\hp3000_defs.h">
      <Filter>Header Files</Filter>
    </ClInclude>
    <ClInclude Include="..\HP3000\hp3000_io.h">
      <Filter>Header Files</Filter>
    </ClInclude>
    <ClInclude Include="..\HP3000\hp3000_mem.h">
      <Filter>Header Files</Filter>
    </ClInclude>
    <ClInclude Include="..\HP3000\hp_disclib.h">
      <Filter>Header Files</Filter>
    </ClInclude>
    <ClInclude Include="..\HP3000\hp_tapelib.h">
      <Filter>Header Files</Filter>
    </ClInclude>
    <ClInclude Include="..\scp.h">
      <Filter>Header Files</Filter>
    </ClInclude>
    <ClInclude Include="..\sim_console.h">
      <Filter>Header Files</Filter>
    </ClInclude>
    <ClInclude Include="..\sim_defs.h">
      <Filter>Header Files</Filter>
    </ClInclude>
    <ClInclude Include="..\sim_disk.h">
      <Filter>Header Files</Filter>
    </ClInclude>
    <ClInclude Include="..\sim_ether.h">
      <Filter>Header Files</Filter>
    </ClInclude>
    <ClInclude Include="..\sim_fio.h">
      <Filter>Header Files</Filter>
    </ClInclude>
    <ClInclude Include="..\sim_rev.h">
      <Filter>Header Files</Filter>
    </ClInclude>
    <ClInclude Include="..\sim_serial.h">
      <Filter>Header Files</Filter>
    </ClInclude>
    <ClInclude Include="..\sim_sock.h">
      <Filter>Header Files</Filter>
    </ClInclude>
    <ClInclude Include="..\sim_tape.h">
      <Filter>Header Files</Filter>
    </ClInclude>
    <ClInclude Include="..\sim_timer.h">
      <Filter>Header Files</Filter>
    </ClInclude>
    <ClInclude Include="..\sim_tmxr.h">
      <Filter>Header Files</Filter>
    </ClInclude>
    <ClInclude Include="..\sim_video.h">
      <Filter>Header Files</Filter>
    </ClInclude>
  </ItemGroup>
</Project>