<?xml version="1.0" encoding="utf-8"?>
<Project ToolsVersion="4.0" xmlns="http://schemas.microsoft.com/developer/msbuild/2003">
  <ItemGroup>
    <Filter Include="Source Files">
      <UniqueIdentifier>{a23aa917-fd3f-4d11-af53-28465fab1cab}</UniqueIdentifier>
      <Extensions>cpp;c;cxx;def;odl;idl;hpj;bat;asm</Extensions>
    </Filter>
    <Filter Include="Header Files">
      <UniqueIdentifier>{fabdd8d3-4403-4963-8f49-df7b58df06e9}</UniqueIdentifier>
      <Extensions>h;hpp;hxx;hm;inl;inc</Extensions>
    </Filter>
    <Filter Include="Resource Files">
      <UniqueIdentifier>{a1df7f4b-1362-445b-b0b4-1479eef405b1}</UniqueIdentifier>
      <Extensions>rc;ico;cur;bmp;dlg;rc2;rct;bin;rgs;gif;jpg;jpeg;jpe</Extensions>
    </Filter>
  </ItemGroup>
  <ItemGroup>
    <ClCompile Include="..\I7094\i7094_binloader.c">
      <Filter>Source Files</Filter>
    </ClCompile>
    <ClCompile Include="..\I7094\i7094_cd.c">
      <Filter>Source Files</Filter>
    </ClCompile>
    <ClCompile Include="..\I7094\i7094_clk.c">
      <Filter>Source Files</Filter>
    </ClCompile>
    <ClCompile Include="..\I7094\i7094_com.c">
      <Filter>Source Files</Filter>
    </ClCompile>
    <ClCompile Include="..\I7094\i7094_cpu.c">
      <Filter>Source Files</Filter>
    </ClCompile>
    <ClCompile Include="..\I7094\i7094_cpu1.c">
      <Filter>Source Files</Filter>
    </ClCompile>
    <ClCompile Include="..\I7094\i7094_drm.c">
      <Filter>Source Files</Filter>
    </ClCompile>
    <ClCompile Include="..\I7094\i7094_dsk.c">
      <Filter>Source Files</Filter>
    </ClCompile>
    <ClCompile Include="..\I7094\i7094_io.c">
      <Filter>Source Files</Filter>
    </ClCompile>
    <ClCompile Include="..\I7094\i7094_lp.c">
      <Filter>Source Files</Filter>
    </ClCompile>
    <ClCompile Include="..\I7094\i7094_mt.c">
      <Filter>Source Files</Filter>
    </ClCompile>
    <ClCompile Include="..\I7094\i7094_sys.c">
      <Filter>Source Files</Filter>
    </ClCompile>
    <ClCompile Include="..\scp.c">
      <Filter>Source Files</Filter>
    </ClCompile>
    <ClCompile Include="..\sim_console.c">
      <Filter>Source Files</Filter>
    </ClCompile>
    <ClCompile Include="..\sim_ether.c">
      <Filter>Source Files</Filter>
    </ClCompile>
    <ClCompile Include="..\sim_fio.c">
      <Filter>Source Files</Filter>
    </ClCompile>
    <ClCompile Include="..\sim_sock.c">
      <Filter>Source Files</Filter>
    </ClCompile>
    <ClCompile Include="..\sim_tape.c">
      <Filter>Source Files</Filter>
    </ClCompile>
    <ClCompile Include="..\sim_timer.c">
      <Filter>Source Files</Filter>
    </ClCompile>
    <ClCompile Include="..\sim_tmxr.c">
      <Filter>Source Files</Filter>
    </ClCompile>
  </ItemGroup>
  <ItemGroup>
    <ClInclude Include="..\I7094\i7094_dat.h">
      <Filter>Header Files</Filter>
    </ClInclude>
    <ClInclude Include="..\I7094\i7094_defs.h">
      <Filter>Header Files</Filter>
    </ClInclude>
    <ClInclude Include="..\scp.h">
      <Filter>Header Files</Filter>
    </ClInclude>
    <ClInclude Include="..\sim_console.h">
      <Filter>Header Files</Filter>
    </ClInclude>
    <ClInclude Include="..\sim_defs.h">
      <Filter>Header Files</Filter>
    </ClInclude>
    <ClInclude Include="..\sim_ether.h">
      <Filter>Header Files</Filter>
    </ClInclude>
    <ClInclude Include="..\sim_fio.h">
      <Filter>Header Files</Filter>
    </ClInclude>
    <ClInclude Include="..\sim_rev.h">
      <Filter>Header Files</Filter>
    </ClInclude>
    <ClInclude Include="..\sim_sock.h">
      <Filter>Header Files</Filter>
    </ClInclude>
    <ClInclude Include="..\sim_tape.h">
      <Filter>Header Files</Filter>
    </ClInclude>
    <ClInclude Include="..\sim_timer.h">
      <Filter>Header Files</Filter>
    </ClInclude>
    <ClInclude Include="..\sim_tmxr.h">
      <Filter>Header Files</Filter>
    </ClInclude>
  </ItemGroup>
</Project>