<?xml version="1.0" encoding="utf-8"?>
<Project ToolsVersion="4.0" xmlns="http://schemas.microsoft.com/developer/msbuild/2003">
  <ItemGroup>
    <Filter Include="Source Files">
      <UniqueIdentifier>{f9c442f0-723d-4870-8dc1-d72340543154}</UniqueIdentifier>
      <Extensions>cpp;c;cxx;def;odl;idl;hpj;bat;asm</Extensions>
    </Filter>
    <Filter Include="Header Files">
      <UniqueIdentifier>{d3b0b0f7-da50-47d0-bfcb-de30d24e4e04}</UniqueIdentifier>
      <Extensions>h;hpp;hxx;hm;inl;inc</Extensions>
    </Filter>
    <Filter Include="Resource Files">
      <UniqueIdentifier>{a444010d-b6d1-4946-a190-6b9f24b2de8f}</UniqueIdentifier>
      <Extensions>rc;ico;cur;bmp;dlg;rc2;rct;bin;rgs;gif;jpg;jpeg;jpe</Extensions>
    </Filter>
  </ItemGroup>
  <ItemGroup>
    <ClCompile Include="..\I7094\i7094_binloader.c">
      <Filter>Source Files</Filter>
    </ClCompile>
    <ClCompile Include="..\I7094\i7094_cd.c">
      <Filter>Source Files</Filter>
    </ClCompile>
    <ClCompile Include="..\I7094\i7094_clk.c">
      <Filter>Source Files</Filter>
    </ClCompile>
    <ClCompile Include="..\I7094\i7094_com.c">
      <Filter>Source Files</Filter>
    </ClCompile>
    <ClCompile Include="..\I7094\i7094_cpu.c">
      <Filter>Source Files</Filter>
    </ClCompile>
    <ClCompile Include="..\I7094\i7094_cpu1.c">
      <Filter>Source Files</Filter>
    </ClCompile>
    <ClCompile Include="..\I7094\i7094_drm.c">
      <Filter>Source Files</Filter>
    </ClCompile>
    <ClCompile Include="..\I7094\i7094_dsk.c">
      <Filter>Source Files</Filter>
    </ClCompile>
    <ClCompile Include="..\I7094\i7094_io.c">
      <Filter>Source Files</Filter>
    </ClCompile>
    <ClCompile Include="..\I7094\i7094_lp.c">
      <Filter>Source Files</Filter>
    </ClCompile>
    <ClCompile Include="..\I7094\i7094_mt.c">
      <Filter>Source Files</Filter>
    </ClCompile>
    <ClCompile Include="..\I7094\i7094_sys.c">
      <Filter>Source Files</Filter>
    </ClCompile>
    <ClCompile Include="..\scp.c">
      <Filter>Source Files</Filter>
    </ClCompile>
    <ClCompile Include="..\sim_console.c">
      <Filter>Source Files</Filter>
    </ClCompile>
    <ClCompile Include="..\sim_disk.c">
      <Filter>Source Files</Filter>
    </ClCompile>
    <ClCompile Include="..\sim_ether.c">
      <Filter>Source Files</Filter>
    </ClCompile>
    <ClCompile Include="..\sim_fio.c">
      <Filter>Source Files</Filter>
    </ClCompile>
    <ClCompile Include="..\sim_serial.c">
      <Filter>Source Files</Filter>
    </ClCompile>
    <ClCompile Include="..\sim_sock.c">
      <Filter>Source Files</Filter>
    </ClCompile>
    <ClCompile Include="..\sim_tape.c">
      <Filter>Source Files</Filter>
    </ClCompile>
    <ClCompile Include="..\sim_timer.c">
      <Filter>Source Files</Filter>
    </ClCompile>
    <ClCompile Include="..\sim_tmxr.c">
      <Filter>Source Files</Filter>
    </ClCompile>
    <ClCompile Include="..\sim_video.c">
      <Filter>Source Files</Filter>
    </ClCompile>
  </ItemGroup>
  <ItemGroup>
    <ClInclude Include="..\I7094\i7094_dat.h">
      <Filter>Header Files</Filter>
    </ClInclude>
    <ClInclude Include="..\I7094\i7094_defs.h">
      <Filter>Header Files</Filter>
    </ClInclude>
    <ClInclude Include="..\scp.h">
      <Filter>Header Files</Filter>
    </ClInclude>
    <ClInclude Include="..\sim_console.h">
      <Filter>Header Files</Filter>
    </ClInclude>
    <ClInclude Include="..\sim_defs.h">
      <Filter>Header Files</Filter>
    </ClInclude>
    <ClInclude Include="..\sim_disk.h">
      <Filter>Header Files</Filter>
    </ClInclude>
    <ClInclude Include="..\sim_ether.h">
      <Filter>Header Files</Filter>
    </ClInclude>
    <ClInclude Include="..\sim_fio.h">
      <Filter>Header Files</Filter>
    </ClInclude>
    <ClInclude Include="..\sim_rev.h">
      <Filter>Header Files</Filter>
    </ClInclude>
    <ClInclude Include="..\sim_serial.h">
      <Filter>Header Files</Filter>
    </ClInclude>
    <ClInclude Include="..\sim_sock.h">
      <Filter>Header Files</Filter>
    </ClInclude>
    <ClInclude Include="..\sim_tape.h">
      <Filter>Header Files</Filter>
    </ClInclude>
    <ClInclude Include="..\sim_timer.h">
      <Filter>Header Files</Filter>
    </ClInclude>
    <ClInclude Include="..\sim_tmxr.h">
      <Filter>Header Files</Filter>
    </ClInclude>
    <ClInclude Include="..\sim_video.h">
      <Filter>Header Files</Filter>
    </ClInclude>
  </ItemGroup>
</Project>