<?xml version="1.0" encoding="utf-8"?>
<Project ToolsVersion="4.0" xmlns="http://schemas.microsoft.com/developer/msbuild/2003">
  <ItemGroup>
    <Filter Include="Source Files">
      <UniqueIdentifier>{4fb7089a-70bc-457f-acc1-a7b9339d83e6}</UniqueIdentifier>
      <Extensions>cpp;c;cxx;def;odl;idl;hpj;bat;asm</Extensions>
    </Filter>
    <Filter Include="Header Files">
      <UniqueIdentifier>{27cf521d-a9a2-431d-8326-d41ac88f6c9e}</UniqueIdentifier>
      <Extensions>h;hpp;hxx;hm;inl;inc</Extensions>
    </Filter>
    <Filter Include="Resource Files">
      <UniqueIdentifier>{64d5c86b-1739-4371-b8b1-5923c5a486bb}</UniqueIdentifier>
      <Extensions>rc;ico;cur;bmp;dlg;rc2;rct;bin;rgs;gif;jpg;jpeg;jpe</Extensions>
    </Filter>
  </ItemGroup>
  <ItemGroup>
    <ClCompile Include="..\ibm1130\ibm1130_cpu.c">
      <Filter>Source Files</Filter>
    </ClCompile>
    <ClCompile Include="..\ibm1130\ibm1130_cr.c">
      <Filter>Source Files</Filter>
    </ClCompile>
    <ClCompile Include="..\ibm1130\ibm1130_disk.c">
      <Filter>Source Files</Filter>
    </ClCompile>
    <ClCompile Include="..\ibm1130\ibm1130_fmt.c">
      <Filter>Source Files</Filter>
    </ClCompile>
    <ClCompile Include="..\ibm1130\ibm1130_gdu.c">
      <Filter>Source Files</Filter>
    </ClCompile>
    <ClCompile Include="..\ibm1130\ibm1130_gui.c">
      <Filter>Source Files</Filter>
    </ClCompile>
    <ClCompile Include="..\Ibm1130\ibm1130_plot.c">
      <Filter>Source Files</Filter>
    </ClCompile>
    <ClCompile Include="..\ibm1130\ibm1130_prt.c">
      <Filter>Source Files</Filter>
    </ClCompile>
    <ClCompile Include="..\Ibm1130\ibm1130_ptrp.c">
      <Filter>Source Files</Filter>
    </ClCompile>
    <ClCompile Include="..\Ibm1130\ibm1130_sca.c">
      <Filter>Source Files</Filter>
    </ClCompile>
    <ClCompile Include="..\ibm1130\ibm1130_stddev.c">
      <Filter>Source Files</Filter>
    </ClCompile>
    <ClCompile Include="..\ibm1130\ibm1130_sys.c">
      <Filter>Source Files</Filter>
    </ClCompile>
    <ClCompile Include="..\Ibm1130\ibm1130_t2741.c">
      <Filter>Source Files</Filter>
    </ClCompile>
    <ClCompile Include="..\scp.c">
      <Filter>Source Files</Filter>
    </ClCompile>
    <ClCompile Include="..\sim_console.c">
      <Filter>Source Files</Filter>
    </ClCompile>
    <ClCompile Include="..\sim_disk.c">
      <Filter>Source Files</Filter>
    </ClCompile>
    <ClCompile Include="..\sim_ether.c">
      <Filter>Source Files</Filter>
    </ClCompile>
    <ClCompile Include="..\sim_fio.c">
      <Filter>Source Files</Filter>
    </ClCompile>
    <ClCompile Include="..\sim_serial.c">
      <Filter>Source Files</Filter>
    </ClCompile>
    <ClCompile Include="..\sim_sock.c">
      <Filter>Source Files</Filter>
    </ClCompile>
    <ClCompile Include="..\sim_tape.c">
      <Filter>Source Files</Filter>
    </ClCompile>
    <ClCompile Include="..\sim_timer.c">
      <Filter>Source Files</Filter>
    </ClCompile>
    <ClCompile Include="..\sim_tmxr.c">
      <Filter>Source Files</Filter>
    </ClCompile>
    <ClCompile Include="..\sim_video.c">
      <Filter>Source Files</Filter>
    </ClCompile>
  </ItemGroup>
  <ItemGroup>
    <ClInclude Include="..\Ibm1130\dmsr2v12phases.h">
      <Filter>Header Files</Filter>
    </ClInclude>
    <ClInclude Include="..\Ibm1130\dmsr2v12slet.h">
      <Filter>Header Files</Filter>
    </ClInclude>
    <ClInclude Include="..\ibm1130\ibm1130_conin.h">
      <Filter>Header Files</Filter>
    </ClInclude>
    <ClInclude Include="..\ibm1130\ibm1130_conout.h">
      <Filter>Header Files</Filter>
    </ClInclude>
    <ClInclude Include="..\ibm1130\ibm1130_defs.h">
      <Filter>Header Files</Filter>
    </ClInclude>
    <ClInclude Include="..\Ibm1130\ibm1130_fmt.h">
      <Filter>Header Files</Filter>
    </ClInclude>
    <ClInclude Include="..\ibm1130\ibm1130_prtwheel.h">
      <Filter>Header Files</Filter>
    </ClInclude>
    <ClInclude Include="..\ibm1130\ibm1130res.h">
      <Filter>Header Files</Filter>
    </ClInclude>
    <ClInclude Include="..\scp.h">
      <Filter>Header Files</Filter>
    </ClInclude>
    <ClInclude Include="..\sim_console.h">
      <Filter>Header Files</Filter>
    </ClInclude>
    <ClInclude Include="..\sim_defs.h">
      <Filter>Header Files</Filter>
    </ClInclude>
    <ClInclude Include="..\sim_disk.h">
      <Filter>Header Files</Filter>
    </ClInclude>
    <ClInclude Include="..\sim_ether.h">
      <Filter>Header Files</Filter>
    </ClInclude>
    <ClInclude Include="..\sim_fio.h">
      <Filter>Header Files</Filter>
    </ClInclude>
    <ClInclude Include="..\sim_rev.h">
      <Filter>Header Files</Filter>
    </ClInclude>
    <ClInclude Include="..\sim_serial.h">
      <Filter>Header Files</Filter>
    </ClInclude>
    <ClInclude Include="..\sim_sock.h">
      <Filter>Header Files</Filter>
    </ClInclude>
    <ClInclude Include="..\sim_tape.h">
      <Filter>Header Files</Filter>
    </ClInclude>
    <ClInclude Include="..\sim_timer.h">
      <Filter>Header Files</Filter>
    </ClInclude>
    <ClInclude Include="..\sim_tmxr.h">
      <Filter>Header Files</Filter>
    </ClInclude>
    <ClInclude Include="..\sim_video.h">
      <Filter>Header Files</Filter>
    </ClInclude>
  </ItemGroup>
  <ItemGroup>
    <None Include="..\Ibm1130\1130consoleblank.bmp">
      <Filter>Resource Files</Filter>
    </None>
    <None Include="..\Ibm1130\1132empty.bmp">
      <Filter>Resource Files</Filter>
    </None>
    <None Include="..\Ibm1130\1132full.bmp">
      <Filter>Resource Files</Filter>
    </None>
    <None Include="..\Ibm1130\1442empty.bmp">
      <Filter>Resource Files</Filter>
    </None>
    <None Include="..\Ibm1130\1442eof.bmp">
      <Filter>Resource Files</Filter>
    </None>
    <None Include="..\Ibm1130\1442full.bmp">
      <Filter>Resource Files</Filter>
    </None>
    <None Include="..\Ibm1130\1442middle.bmp">
      <Filter>Resource Files</Filter>
    </None>
    <None Include="..\Ibm1130\hand.cur">
      <Filter>Resource Files</Filter>
    </None>
    <None Include="..\Ibm1130\ibm1130.ico">
      <Filter>Resource Files</Filter>
    </None>
  </ItemGroup>
  <ItemGroup>
    <ResourceCompile Include="..\Ibm1130\ibm1130.rc">
      <Filter>Resource Files</Filter>
    </ResourceCompile>
  </ItemGroup>
</Project>