<?xml version="1.0" encoding="utf-8"?>
<Project ToolsVersion="4.0" xmlns="http://schemas.microsoft.com/developer/msbuild/2003">
  <ItemGroup>
    <Filter Include="Source Files">
      <UniqueIdentifier>{7b257b9f-d42d-47ce-9767-70e0192be616}</UniqueIdentifier>
      <Extensions>cpp;c;cxx;def;odl;idl;hpj;bat;asm</Extensions>
    </Filter>
    <Filter Include="Header Files">
      <UniqueIdentifier>{0265b997-0162-4c72-b9c0-0d93efb3b864}</UniqueIdentifier>
      <Extensions>h;hpp;hxx;hm;inl;inc</Extensions>
    </Filter>
    <Filter Include="Resource Files">
      <UniqueIdentifier>{80ee2091-68f8-40f4-b8ed-fd4491a92b1b}</UniqueIdentifier>
      <Extensions>rc;ico;cur;bmp;dlg;rc2;rct;bin;rgs;gif;jpg;jpeg;jpe</Extensions>
    </Filter>
  </ItemGroup>
  <ItemGroup>
    <ClCompile Include="..\Interdata\id32_cpu.c">
      <Filter>Source Files</Filter>
    </ClCompile>
    <ClCompile Include="..\Interdata\id32_dboot.c">
      <Filter>Source Files</Filter>
    </ClCompile>
    <ClCompile Include="..\Interdata\id32_sys.c">
      <Filter>Source Files</Filter>
    </ClCompile>
    <ClCompile Include="..\Interdata\id_dp.c">
      <Filter>Source Files</Filter>
    </ClCompile>
    <ClCompile Include="..\Interdata\id_fd.c">
      <Filter>Source Files</Filter>
    </ClCompile>
    <ClCompile Include="..\Interdata\id_fp.c">
      <Filter>Source Files</Filter>
    </ClCompile>
    <ClCompile Include="..\Interdata\id_idc.c">
      <Filter>Source Files</Filter>
    </ClCompile>
    <ClCompile Include="..\Interdata\id_io.c">
      <Filter>Source Files</Filter>
    </ClCompile>
    <ClCompile Include="..\Interdata\id_lp.c">
      <Filter>Source Files</Filter>
    </ClCompile>
    <ClCompile Include="..\Interdata\id_mt.c">
      <Filter>Source Files</Filter>
    </ClCompile>
    <ClCompile Include="..\Interdata\id_pas.c">
      <Filter>Source Files</Filter>
    </ClCompile>
    <ClCompile Include="..\Interdata\id_pt.c">
      <Filter>Source Files</Filter>
    </ClCompile>
    <ClCompile Include="..\Interdata\id_tt.c">
      <Filter>Source Files</Filter>
    </ClCompile>
    <ClCompile Include="..\Interdata\id_ttp.c">
      <Filter>Source Files</Filter>
    </ClCompile>
    <ClCompile Include="..\Interdata\id_uvc.c">
      <Filter>Source Files</Filter>
    </ClCompile>
    <ClCompile Include="..\scp.c">
      <Filter>Source Files</Filter>
    </ClCompile>
    <ClCompile Include="..\sim_console.c">
      <Filter>Source Files</Filter>
    </ClCompile>
    <ClCompile Include="..\sim_ether.c">
      <Filter>Source Files</Filter>
    </ClCompile>
    <ClCompile Include="..\sim_fio.c">
      <Filter>Source Files</Filter>
    </ClCompile>
    <ClCompile Include="..\sim_sock.c">
      <Filter>Source Files</Filter>
    </ClCompile>
    <ClCompile Include="..\sim_tape.c">
      <Filter>Source Files</Filter>
    </ClCompile>
    <ClCompile Include="..\sim_timer.c">
      <Filter>Source Files</Filter>
    </ClCompile>
    <ClCompile Include="..\sim_tmxr.c">
      <Filter>Source Files</Filter>
    </ClCompile>
  </ItemGroup>
  <ItemGroup>
    <ClInclude Include="..\Interdata\id_defs.h">
      <Filter>Header Files</Filter>
    </ClInclude>
    <ClInclude Include="..\scp.h">
      <Filter>Header Files</Filter>
    </ClInclude>
    <ClInclude Include="..\sim_console.h">
      <Filter>Header Files</Filter>
    </ClInclude>
    <ClInclude Include="..\sim_defs.h">
      <Filter>Header Files</Filter>
    </ClInclude>
    <ClInclude Include="..\sim_ether.h">
      <Filter>Header Files</Filter>
    </ClInclude>
    <ClInclude Include="..\sim_fio.h">
      <Filter>Header Files</Filter>
    </ClInclude>
    <ClInclude Include="..\sim_rev.h">
      <Filter>Header Files</Filter>
    </ClInclude>
    <ClInclude Include="..\sim_sock.h">
      <Filter>Header Files</Filter>
    </ClInclude>
    <ClInclude Include="..\sim_tape.h">
      <Filter>Header Files</Filter>
    </ClInclude>
    <ClInclude Include="..\sim_timer.h">
      <Filter>Header Files</Filter>
    </ClInclude>
    <ClInclude Include="..\sim_tmxr.h">
      <Filter>Header Files</Filter>
    </ClInclude>
  </ItemGroup>
</Project>