<?xml version="1.0" encoding="utf-8"?>
<Project ToolsVersion="4.0" xmlns="http://schemas.microsoft.com/developer/msbuild/2003">
  <ItemGroup>
    <Filter Include="Source Files">
      <UniqueIdentifier>{d97499ef-4e92-4656-8536-0dd5113ccf65}</UniqueIdentifier>
      <Extensions>cpp;c;cxx;def;odl;idl;hpj;bat;asm</Extensions>
    </Filter>
    <Filter Include="Header Files">
      <UniqueIdentifier>{e3101625-4d2d-4337-963e-c340160d0e46}</UniqueIdentifier>
      <Extensions>h;hpp;hxx;hm;inl;inc</Extensions>
    </Filter>
    <Filter Include="Resource Files">
      <UniqueIdentifier>{15dcd51a-d5a3-49b9-b650-01504db68bf2}</UniqueIdentifier>
      <Extensions>rc;ico;cur;bmp;dlg;rc2;rct;bin;rgs;gif;jpg;jpeg;jpe</Extensions>
    </Filter>
  </ItemGroup>
  <ItemGroup>
    <ClCompile Include="..\Interdata\id32_cpu.c">
      <Filter>Source Files</Filter>
    </ClCompile>
    <ClCompile Include="..\Interdata\id32_dboot.c">
      <Filter>Source Files</Filter>
    </ClCompile>
    <ClCompile Include="..\Interdata\id32_sys.c">
      <Filter>Source Files</Filter>
    </ClCompile>
    <ClCompile Include="..\Interdata\id_dp.c">
      <Filter>Source Files</Filter>
    </ClCompile>
    <ClCompile Include="..\Interdata\id_fd.c">
      <Filter>Source Files</Filter>
    </ClCompile>
    <ClCompile Include="..\Interdata\id_fp.c">
      <Filter>Source Files</Filter>
    </ClCompile>
    <ClCompile Include="..\Interdata\id_idc.c">
      <Filter>Source Files</Filter>
    </ClCompile>
    <ClCompile Include="..\Interdata\id_io.c">
      <Filter>Source Files</Filter>
    </ClCompile>
    <ClCompile Include="..\Interdata\id_lp.c">
      <Filter>Source Files</Filter>
    </ClCompile>
    <ClCompile Include="..\Interdata\id_mt.c">
      <Filter>Source Files</Filter>
    </ClCompile>
    <ClCompile Include="..\Interdata\id_pas.c">
      <Filter>Source Files</Filter>
    </ClCompile>
    <ClCompile Include="..\Interdata\id_pt.c">
      <Filter>Source Files</Filter>
    </ClCompile>
    <ClCompile Include="..\Interdata\id_tt.c">
      <Filter>Source Files</Filter>
    </ClCompile>
    <ClCompile Include="..\Interdata\id_ttp.c">
      <Filter>Source Files</Filter>
    </ClCompile>
    <ClCompile Include="..\Interdata\id_uvc.c">
      <Filter>Source Files</Filter>
    </ClCompile>
    <ClCompile Include="..\scp.c">
      <Filter>Source Files</Filter>
    </ClCompile>
    <ClCompile Include="..\sim_console.c">
      <Filter>Source Files</Filter>
    </ClCompile>
    <ClCompile Include="..\sim_disk.c">
      <Filter>Source Files</Filter>
    </ClCompile>
    <ClCompile Include="..\sim_ether.c">
      <Filter>Source Files</Filter>
    </ClCompile>
    <ClCompile Include="..\sim_fio.c">
      <Filter>Source Files</Filter>
    </ClCompile>
    <ClCompile Include="..\sim_serial.c">
      <Filter>Source Files</Filter>
    </ClCompile>
    <ClCompile Include="..\sim_sock.c">
      <Filter>Source Files</Filter>
    </ClCompile>
    <ClCompile Include="..\sim_tape.c">
      <Filter>Source Files</Filter>
    </ClCompile>
    <ClCompile Include="..\sim_timer.c">
      <Filter>Source Files</Filter>
    </ClCompile>
    <ClCompile Include="..\sim_tmxr.c">
      <Filter>Source Files</Filter>
    </ClCompile>
    <ClCompile Include="..\sim_video.c">
      <Filter>Source Files</Filter>
    </ClCompile>
  </ItemGroup>
  <ItemGroup>
    <ClInclude Include="..\Interdata\id_defs.h">
      <Filter>Header Files</Filter>
    </ClInclude>
    <ClInclude Include="..\scp.h">
      <Filter>Header Files</Filter>
    </ClInclude>
    <ClInclude Include="..\sim_console.h">
      <Filter>Header Files</Filter>
    </ClInclude>
    <ClInclude Include="..\sim_defs.h">
      <Filter>Header Files</Filter>
    </ClInclude>
    <ClInclude Include="..\sim_disk.h">
      <Filter>Header Files</Filter>
    </ClInclude>
    <ClInclude Include="..\sim_ether.h">
      <Filter>Header Files</Filter>
    </ClInclude>
    <ClInclude Include="..\sim_fio.h">
      <Filter>Header Files</Filter>
    </ClInclude>
    <ClInclude Include="..\sim_rev.h">
      <Filter>Header Files</Filter>
    </ClInclude>
    <ClInclude Include="..\sim_serial.h">
      <Filter>Header Files</Filter>
    </ClInclude>
    <ClInclude Include="..\sim_sock.h">
      <Filter>Header Files</Filter>
    </ClInclude>
    <ClInclude Include="..\sim_tape.h">
      <Filter>Header Files</Filter>
    </ClInclude>
    <ClInclude Include="..\sim_timer.h">
      <Filter>Header Files</Filter>
    </ClInclude>
    <ClInclude Include="..\sim_tmxr.h">
      <Filter>Header Files</Filter>
    </ClInclude>
    <ClInclude Include="..\sim_video.h">
      <Filter>Header Files</Filter>
    </ClInclude>
  </ItemGroup>
</Project>