<?xml version="1.0" encoding="utf-8"?>
<Project ToolsVersion="4.0" xmlns="http://schemas.microsoft.com/developer/msbuild/2003">
  <ItemGroup>
    <Filter Include="Source Files">
      <UniqueIdentifier>{ad910f66-7331-4234-ae86-db9e0a99d8d5}</UniqueIdentifier>
      <Extensions>cpp;c;cxx;def;odl;idl;hpj;bat;asm</Extensions>
    </Filter>
    <Filter Include="Header Files">
      <UniqueIdentifier>{c7656f0b-4310-4787-b6e3-06568333c79d}</UniqueIdentifier>
      <Extensions>h;hpp;hxx;hm;inl;inc</Extensions>
    </Filter>
    <Filter Include="Resource Files">
      <UniqueIdentifier>{9736a925-d9b8-4e8c-bbb0-e47aac0b906d}</UniqueIdentifier>
      <Extensions>rc;ico;cur;bmp;dlg;rc2;rct;bin;rgs;gif;jpg;jpeg;jpe</Extensions>
    </Filter>
  </ItemGroup>
  <ItemGroup>
    <ClCompile Include="..\Intel-Systems\common\cpu.c">
      <Filter>Source Files</Filter>
    </ClCompile>
    <ClCompile Include="..\Intel-Systems\common\front_panel.c">
      <Filter>Source Files</Filter>
    </ClCompile>
    <ClCompile Include="..\Intel-Systems\common\i3214.c">
      <Filter>Source Files</Filter>
    </ClCompile>
    <ClCompile Include="..\Intel-Systems\common\i8080.c">
      <Filter>Source Files</Filter>
    </ClCompile>
    <ClCompile Include="..\Intel-Systems\common\i8251.c">
      <Filter>Source Files</Filter>
    </ClCompile>
    <ClCompile Include="..\Intel-Systems\common\i8253.c">
      <Filter>Source Files</Filter>
    </ClCompile>
    <ClCompile Include="..\Intel-Systems\common\i8255.c">
      <Filter>Source Files</Filter>
    </ClCompile>
    <ClCompile Include="..\Intel-Systems\common\i8259.c">
      <Filter>Source Files</Filter>
    </ClCompile>
    <ClCompile Include="..\Intel-Systems\common\ieprom.c">
      <Filter>Source Files</Filter>
    </ClCompile>
    <ClCompile Include="..\Intel-Systems\Intel-MDS\imds_sys.c">
      <Filter>Source Files</Filter>
    </ClCompile>
    <ClCompile Include="..\Intel-Systems\common\ioc-cont.c">
      <Filter>Source Files</Filter>
    </ClCompile>
    <ClCompile Include="..\Intel-Systems\common\ipc-cont.c">
      <Filter>Source Files</Filter>
    </ClCompile>
    <ClCompile Include="..\Intel-Systems\common\iram8.c">
      <Filter>Source Files</Filter>
    </ClCompile>
    <ClCompile Include="..\Intel-Systems\common\irq.c">
      <Filter>Source Files</Filter>
    </ClCompile>
    <ClCompile Include="..\Intel-Systems\common\isbc064.c">
      <Filter>Source Files</Filter>
    </ClCompile>
    <ClCompile Include="..\Intel-Systems\common\isbc201.c">
      <Filter>Source Files</Filter>
    </ClCompile>
    <ClCompile Include="..\Intel-Systems\common\isbc202.c">
      <Filter>Source Files</Filter>
    </ClCompile>
    <ClCompile Include="..\Intel-Systems\common\isbc206.c">
      <Filter>Source Files</Filter>
    </ClCompile>
    <ClCompile Include="..\Intel-Systems\common\isbc208.c">
      <Filter>Source Files</Filter>
    </ClCompile>
    <ClCompile Include="..\Intel-Systems\common\isbc464.c">
      <Filter>Source Files</Filter>
    </ClCompile>
    <ClCompile Include="..\Intel-Systems\common\mem.c">
      <Filter>Source Files</Filter>
    </ClCompile>
    <ClCompile Include="..\Intel-Systems\common\monitor.c">
      <Filter>Source Files</Filter>
    </ClCompile>
    <ClCompile Include="..\Intel-Systems\common\multibus.c">
      <Filter>Source Files</Filter>
    </ClCompile>
    <ClCompile Include="..\Intel-Systems\common\port.c">
      <Filter>Source Files</Filter>
    </ClCompile>
    <ClCompile Include="..\scp.c">
      <Filter>Source Files</Filter>
    </ClCompile>
    <ClCompile Include="..\sim_console.c">
      <Filter>Source Files</Filter>
    </ClCompile>
    <ClCompile Include="..\sim_disk.c">
      <Filter>Source Files</Filter>
    </ClCompile>
    <ClCompile Include="..\sim_ether.c">
      <Filter>Source Files</Filter>
    </ClCompile>
    <ClCompile Include="..\sim_fio.c">
      <Filter>Source Files</Filter>
    </ClCompile>
    <ClCompile Include="..\sim_serial.c">
      <Filter>Source Files</Filter>
    </ClCompile>
    <ClCompile Include="..\sim_sock.c">
      <Filter>Source Files</Filter>
    </ClCompile>
    <ClCompile Include="..\sim_tape.c">
      <Filter>Source Files</Filter>
    </ClCompile>
    <ClCompile Include="..\sim_timer.c">
      <Filter>Source Files</Filter>
    </ClCompile>
    <ClCompile Include="..\sim_tmxr.c">
      <Filter>Source Files</Filter>
    </ClCompile>
    <ClCompile Include="..\sim_video.c">
      <Filter>Source Files</Filter>
    </ClCompile>
    <ClCompile Include="..\Intel-Systems\common\sys.c">
      <Filter>Source Files</Filter>
    </ClCompile>
    <ClCompile Include="..\Intel-Systems\common\zx200a.c">
      <Filter>Source Files</Filter>
    </ClCompile>
  </ItemGroup>
  <ItemGroup>
    <ClInclude Include="..\scp.h">
      <Filter>Header Files</Filter>
    </ClInclude>
    <ClInclude Include="..\sim_console.h">
      <Filter>Header Files</Filter>
    </ClInclude>
    <ClInclude Include="..\sim_defs.h">
      <Filter>Header Files</Filter>
    </ClInclude>
    <ClInclude Include="..\sim_disk.h">
      <Filter>Header Files</Filter>
    </ClInclude>
    <ClInclude Include="..\sim_ether.h">
      <Filter>Header Files</Filter>
    </ClInclude>
    <ClInclude Include="..\sim_fio.h">
      <Filter>Header Files</Filter>
    </ClInclude>
    <ClInclude Include="..\sim_rev.h">
      <Filter>Header Files</Filter>
    </ClInclude>
    <ClInclude Include="..\sim_serial.h">
      <Filter>Header Files</Filter>
    </ClInclude>
    <ClInclude Include="..\sim_sock.h">
      <Filter>Header Files</Filter>
    </ClInclude>
    <ClInclude Include="..\sim_tape.h">
      <Filter>Header Files</Filter>
    </ClInclude>
    <ClInclude Include="..\sim_timer.h">
      <Filter>Header Files</Filter>
    </ClInclude>
    <ClInclude Include="..\sim_tmxr.h">
      <Filter>Header Files</Filter>
    </ClInclude>
    <ClInclude Include="..\sim_video.h">
      <Filter>Header Files</Filter>
    </ClInclude>
    <ClInclude Include="..\Intel-Systems\Intel-MDS\system_defs.h">
      <Filter>Header Files</Filter>
    </ClInclude>
  </ItemGroup>
</Project>