<?xml version="1.0" encoding="utf-8"?>
<Project ToolsVersion="4.0" xmlns="http://schemas.microsoft.com/developer/msbuild/2003">
  <ItemGroup>
    <Filter Include="Source Files">
      <UniqueIdentifier>{7c914241-e877-4fd4-bfe1-5336ed5dd36a}</UniqueIdentifier>
      <Extensions>cpp;c;cxx;def;odl;idl;hpj;bat;asm</Extensions>
    </Filter>
    <Filter Include="Source Files\display">
      <UniqueIdentifier>{c01a05f2-d16d-41bc-9719-157f70db45e9}</UniqueIdentifier>
    </Filter>
    <Filter Include="Header Files">
      <UniqueIdentifier>{640d335e-15d9-457d-a152-2c8b21262554}</UniqueIdentifier>
      <Extensions>h;hpp;hxx;hm;inl;inc</Extensions>
    </Filter>
    <Filter Include="Resource Files">
      <UniqueIdentifier>{0c9230e8-9e07-41e0-8dff-e9bb9c9bdbff}</UniqueIdentifier>
      <Extensions>rc;ico;cur;bmp;dlg;rc2;rct;bin;rgs;gif;jpg;jpeg;jpe</Extensions>
    </Filter>
  </ItemGroup>
  <ItemGroup>
    <ClCompile Include="..\PDP10\kx10_cp.c">
      <Filter>Source Files</Filter>
    </ClCompile>
    <ClCompile Include="..\PDP10\kx10_cpu.c">
      <Filter>Source Files</Filter>
    </ClCompile>
    <ClCompile Include="..\PDP10\kx10_cr.c">
      <Filter>Source Files</Filter>
    </ClCompile>
    <ClCompile Include="..\PDP10\kx10_cty.c">
      <Filter>Source Files</Filter>
    </ClCompile>
    <ClCompile Include="..\PDP10\kx10_dpy.c">
      <Filter>Source Files</Filter>
    </ClCompile>
    <ClCompile Include="..\PDP10\kx10_lp.c">
      <Filter>Source Files</Filter>
    </ClCompile>
    <ClCompile Include="..\PDP10\kx10_pt.c">
      <Filter>Source Files</Filter>
    </ClCompile>
    <ClCompile Include="..\PDP10\kx10_sys.c">
      <Filter>Source Files</Filter>
    </ClCompile>
    <ClCompile Include="..\PDP10\pdp6_dcs.c">
      <Filter>Source Files</Filter>
    </ClCompile>
    <ClCompile Include="..\PDP10\pdp6_dct.c">
      <Filter>Source Files</Filter>
    </ClCompile>
    <ClCompile Include="..\PDP10\pdp6_dsk.c">
      <Filter>Source Files</Filter>
    </ClCompile>
    <ClCompile Include="..\PDP10\pdp6_dtc.c">
      <Filter>Source Files</Filter>
    </ClCompile>
    <ClCompile Include="..\PDP10\pdp6_mtc.c">
      <Filter>Source Files</Filter>
    </ClCompile>
    <ClCompile Include="..\PDP10\pdp6_slave.c">
      <Filter>Source Files</Filter>
    </ClCompile>
    <ClCompile Include="..\..\windows-build\pthreads\pthread.c">
      <Filter>Source Files</Filter>
    </ClCompile>
    <ClCompile Include="..\scp.c">
      <Filter>Source Files</Filter>
    </ClCompile>
    <ClCompile Include="..\sim_card.c">
      <Filter>Source Files</Filter>
    </ClCompile>
    <ClCompile Include="..\sim_console.c">
      <Filter>Source Files</Filter>
    </ClCompile>
    <ClCompile Include="..\sim_disk.c">
      <Filter>Source Files</Filter>
    </ClCompile>
    <ClCompile Include="..\sim_ether.c">
      <Filter>Source Files</Filter>
    </ClCompile>
    <ClCompile Include="..\sim_fio.c">
      <Filter>Source Files</Filter>
    </ClCompile>
    <ClCompile Include="..\sim_serial.c">
      <Filter>Source Files</Filter>
    </ClCompile>
    <ClCompile Include="..\sim_sock.c">
      <Filter>Source Files</Filter>
    </ClCompile>
    <ClCompile Include="..\sim_tape.c">
      <Filter>Source Files</Filter>
    </ClCompile>
    <ClCompile Include="..\sim_timer.c">
      <Filter>Source Files</Filter>
    </ClCompile>
    <ClCompile Include="..\sim_tmxr.c">
      <Filter>Source Files</Filter>
    </ClCompile>
    <ClCompile Include="..\sim_video.c">
      <Filter>Source Files</Filter>
    </ClCompile>
    <ClCompile Include="..\display\display.c">
      <Filter>Source Files\display</Filter>
    </ClCompile>
    <ClCompile Include="..\display\sim_ws.c">
      <Filter>Source Files\display</Filter>
    </ClCompile>
    <ClCompile Include="..\display\type340.c">
      <Filter>Source Files\display</Filter>
    </ClCompile>
  </ItemGroup>
  <ItemGroup>
    <ClInclude Include="..\display\display.h">
      <Filter>Source Files\display</Filter>
    </ClInclude>
    <ClInclude Include="..\display\type340.h">
      <Filter>Source Files\display</Filter>
    </ClInclude>
    <ClInclude Include="..\PDP10\kx10_defs.h">
      <Filter>Header Files</Filter>
    </ClInclude>
    <ClInclude Include="..\scp.h">
      <Filter>Header Files</Filter>
    </ClInclude>
    <ClInclude Include="..\sim_card.h">
      <Filter>Header Files</Filter>
    </ClInclude>
    <ClInclude Include="..\sim_console.h">
      <Filter>Header Files</Filter>
    </ClInclude>
    <ClInclude Include="..\sim_defs.h">
      <Filter>Header Files</Filter>
    </ClInclude>
    <ClInclude Include="..\sim_disk.h">
      <Filter>Header Files</Filter>
    </ClInclude>
    <ClInclude Include="..\sim_ether.h">
      <Filter>Header Files</Filter>
    </ClInclude>
    <ClInclude Include="..\sim_fio.h">
      <Filter>Header Files</Filter>
    </ClInclude>
    <ClInclude Include="..\sim_rev.h">
      <Filter>Header Files</Filter>
    </ClInclude>
    <ClInclude Include="..\sim_serial.h">
      <Filter>Header Files</Filter>
    </ClInclude>
    <ClInclude Include="..\sim_sock.h">
      <Filter>Header Files</Filter>
    </ClInclude>
    <ClInclude Include="..\sim_tape.h">
      <Filter>Header Files</Filter>
    </ClInclude>
    <ClInclude Include="..\sim_timer.h">
      <Filter>Header Files</Filter>
    </ClInclude>
    <ClInclude Include="..\sim_tmxr.h">
      <Filter>Header Files</Filter>
    </ClInclude>
    <ClInclude Include="..\sim_video.h">
      <Filter>Header Files</Filter>
    </ClInclude>
  </ItemGroup>
</Project>