<?xml version="1.0" encoding="utf-8"?>
<Project ToolsVersion="4.0" xmlns="http://schemas.microsoft.com/developer/msbuild/2003">
  <ItemGroup>
    <Filter Include="Source Files">
      <UniqueIdentifier>{0bd7dff0-b556-485a-b70d-49888ed8da2b}</UniqueIdentifier>
      <Extensions>cpp;c;cxx;def;odl;idl;hpj;bat;asm</Extensions>
    </Filter>
    <Filter Include="Header Files">
      <UniqueIdentifier>{d1a7b683-f543-4484-908d-faa4f2f321e9}</UniqueIdentifier>
      <Extensions>h;hpp;hxx;hm;inl;inc</Extensions>
    </Filter>
    <Filter Include="Resource Files">
      <UniqueIdentifier>{c6d2c7f0-8d92-4363-aa37-1e1da1420628}</UniqueIdentifier>
      <Extensions>rc;ico;cur;bmp;dlg;rc2;rct;bin;rgs;gif;jpg;jpeg;jpe</Extensions>
    </Filter>
  </ItemGroup>
  <ItemGroup>
    <ClCompile Include="..\PDP18B\pdp18b_cpu.c">
      <Filter>Source Files</Filter>
    </ClCompile>
    <ClCompile Include="..\PDP18B\pdp18b_drm.c">
      <Filter>Source Files</Filter>
    </ClCompile>
    <ClCompile Include="..\PDP18B\pdp18b_dt.c">
      <Filter>Source Files</Filter>
    </ClCompile>
    <ClCompile Include="..\PDP18B\pdp18b_fpp.c">
      <Filter>Source Files</Filter>
    </ClCompile>
    <ClCompile Include="..\PDP18B\pdp18b_lp.c">
      <Filter>Source Files</Filter>
    </ClCompile>
    <ClCompile Include="..\PDP18B\pdp18b_mt.c">
      <Filter>Source Files</Filter>
    </ClCompile>
    <ClCompile Include="..\PDP18B\pdp18b_rb.c">
      <Filter>Source Files</Filter>
    </ClCompile>
    <ClCompile Include="..\PDP18B\pdp18b_rf.c">
      <Filter>Source Files</Filter>
    </ClCompile>
    <ClCompile Include="..\PDP18B\pdp18b_rp.c">
      <Filter>Source Files</Filter>
    </ClCompile>
    <ClCompile Include="..\PDP18B\pdp18b_stddev.c">
      <Filter>Source Files</Filter>
    </ClCompile>
    <ClCompile Include="..\PDP18B\pdp18b_sys.c">
      <Filter>Source Files</Filter>
    </ClCompile>
    <ClCompile Include="..\PDP18B\pdp18b_tt1.c">
      <Filter>Source Files</Filter>
    </ClCompile>
    <ClCompile Include="..\scp.c">
      <Filter>Source Files</Filter>
    </ClCompile>
    <ClCompile Include="..\sim_console.c">
      <Filter>Source Files</Filter>
    </ClCompile>
    <ClCompile Include="..\sim_disk.c">
      <Filter>Source Files</Filter>
    </ClCompile>
    <ClCompile Include="..\sim_ether.c">
      <Filter>Source Files</Filter>
    </ClCompile>
    <ClCompile Include="..\sim_fio.c">
      <Filter>Source Files</Filter>
    </ClCompile>
    <ClCompile Include="..\sim_serial.c">
      <Filter>Source Files</Filter>
    </ClCompile>
    <ClCompile Include="..\sim_sock.c">
      <Filter>Source Files</Filter>
    </ClCompile>
    <ClCompile Include="..\sim_tape.c">
      <Filter>Source Files</Filter>
    </ClCompile>
    <ClCompile Include="..\sim_timer.c">
      <Filter>Source Files</Filter>
    </ClCompile>
    <ClCompile Include="..\sim_tmxr.c">
      <Filter>Source Files</Filter>
    </ClCompile>
    <ClCompile Include="..\sim_video.c">
      <Filter>Source Files</Filter>
    </ClCompile>
  </ItemGroup>
  <ItemGroup>
    <ClInclude Include="..\PDP18B\pdp18b_defs.h">
      <Filter>Header Files</Filter>
    </ClInclude>
    <ClInclude Include="..\scp.h">
      <Filter>Header Files</Filter>
    </ClInclude>
    <ClInclude Include="..\sim_console.h">
      <Filter>Header Files</Filter>
    </ClInclude>
    <ClInclude Include="..\sim_defs.h">
      <Filter>Header Files</Filter>
    </ClInclude>
    <ClInclude Include="..\sim_disk.h">
      <Filter>Header Files</Filter>
    </ClInclude>
    <ClInclude Include="..\sim_ether.h">
      <Filter>Header Files</Filter>
    </ClInclude>
    <ClInclude Include="..\sim_fio.h">
      <Filter>Header Files</Filter>
    </ClInclude>
    <ClInclude Include="..\sim_rev.h">
      <Filter>Header Files</Filter>
    </ClInclude>
    <ClInclude Include="..\sim_serial.h">
      <Filter>Header Files</Filter>
    </ClInclude>
    <ClInclude Include="..\sim_sock.h">
      <Filter>Header Files</Filter>
    </ClInclude>
    <ClInclude Include="..\sim_tape.h">
      <Filter>Header Files</Filter>
    </ClInclude>
    <ClInclude Include="..\sim_timer.h">
      <Filter>Header Files</Filter>
    </ClInclude>
    <ClInclude Include="..\sim_tmxr.h">
      <Filter>Header Files</Filter>
    </ClInclude>
    <ClInclude Include="..\sim_video.h">
      <Filter>Header Files</Filter>
    </ClInclude>
  </ItemGroup>
</Project>