<?xml version="1.0" encoding="utf-8"?>
<Project ToolsVersion="4.0" xmlns="http://schemas.microsoft.com/developer/msbuild/2003">
  <ItemGroup>
    <Filter Include="Source Files">
      <UniqueIdentifier>{b05eecd5-6e48-400b-8319-35b941f8312f}</UniqueIdentifier>
      <Extensions>cpp;c;cxx;def;odl;idl;hpj;bat;asm</Extensions>
    </Filter>
    <Filter Include="Header Files">
      <UniqueIdentifier>{65a9f84a-e134-4913-9ace-d3321618a162}</UniqueIdentifier>
      <Extensions>h;hpp;hxx;hm;inl;inc</Extensions>
    </Filter>
    <Filter Include="Resource Files">
      <UniqueIdentifier>{f7313644-ac81-4555-a4ce-a89c8c95e961}</UniqueIdentifier>
      <Extensions>rc;ico;cur;bmp;dlg;rc2;rct;bin;rgs;gif;jpg;jpeg;jpe</Extensions>
    </Filter>
  </ItemGroup>
  <ItemGroup>
    <ClCompile Include="..\scp.c">
      <Filter>Source Files</Filter>
    </ClCompile>
    <ClCompile Include="..\sigma\sigma_cis.c">
      <Filter>Source Files</Filter>
    </ClCompile>
    <ClCompile Include="..\sigma\sigma_coc.c">
      <Filter>Source Files</Filter>
    </ClCompile>
    <ClCompile Include="..\sigma\sigma_cpu.c">
      <Filter>Source Files</Filter>
    </ClCompile>
    <ClCompile Include="..\sigma\sigma_dk.c">
      <Filter>Source Files</Filter>
    </ClCompile>
    <ClCompile Include="..\sigma\sigma_dp.c">
      <Filter>Source Files</Filter>
    </ClCompile>
    <ClCompile Include="..\sigma\sigma_fp.c">
      <Filter>Source Files</Filter>
    </ClCompile>
    <ClCompile Include="..\sigma\sigma_io.c">
      <Filter>Source Files</Filter>
    </ClCompile>
    <ClCompile Include="..\sigma\sigma_lp.c">
      <Filter>Source Files</Filter>
    </ClCompile>
    <ClCompile Include="..\sigma\sigma_map.c">
      <Filter>Source Files</Filter>
    </ClCompile>
    <ClCompile Include="..\sigma\sigma_mt.c">
      <Filter>Source Files</Filter>
    </ClCompile>
    <ClCompile Include="..\sigma\sigma_pt.c">
      <Filter>Source Files</Filter>
    </ClCompile>
    <ClCompile Include="..\sigma\sigma_rad.c">
      <Filter>Source Files</Filter>
    </ClCompile>
    <ClCompile Include="..\sigma\sigma_rtc.c">
      <Filter>Source Files</Filter>
    </ClCompile>
    <ClCompile Include="..\sigma\sigma_sys.c">
      <Filter>Source Files</Filter>
    </ClCompile>
    <ClCompile Include="..\sigma\sigma_tt.c">
      <Filter>Source Files</Filter>
    </ClCompile>
    <ClCompile Include="..\sim_console.c">
      <Filter>Source Files</Filter>
    </ClCompile>
    <ClCompile Include="..\sim_disk.c">
      <Filter>Source Files</Filter>
    </ClCompile>
    <ClCompile Include="..\sim_ether.c">
      <Filter>Source Files</Filter>
    </ClCompile>
    <ClCompile Include="..\sim_fio.c">
      <Filter>Source Files</Filter>
    </ClCompile>
    <ClCompile Include="..\sim_serial.c">
      <Filter>Source Files</Filter>
    </ClCompile>
    <ClCompile Include="..\sim_sock.c">
      <Filter>Source Files</Filter>
    </ClCompile>
    <ClCompile Include="..\sim_tape.c">
      <Filter>Source Files</Filter>
    </ClCompile>
    <ClCompile Include="..\sim_timer.c">
      <Filter>Source Files</Filter>
    </ClCompile>
    <ClCompile Include="..\sim_tmxr.c">
      <Filter>Source Files</Filter>
    </ClCompile>
    <ClCompile Include="..\sim_video.c">
      <Filter>Source Files</Filter>
    </ClCompile>
  </ItemGroup>
  <ItemGroup>
    <ClInclude Include="..\scp.h">
      <Filter>Header Files</Filter>
    </ClInclude>
    <ClInclude Include="..\sigma\sigma_defs.h">
      <Filter>Header Files</Filter>
    </ClInclude>
    <ClInclude Include="..\sigma\sigma_io_defs.h">
      <Filter>Header Files</Filter>
    </ClInclude>
    <ClInclude Include="..\sim_console.h">
      <Filter>Header Files</Filter>
    </ClInclude>
    <ClInclude Include="..\sim_defs.h">
      <Filter>Header Files</Filter>
    </ClInclude>
    <ClInclude Include="..\sim_disk.h">
      <Filter>Header Files</Filter>
    </ClInclude>
    <ClInclude Include="..\sim_ether.h">
      <Filter>Header Files</Filter>
    </ClInclude>
    <ClInclude Include="..\sim_fio.h">
      <Filter>Header Files</Filter>
    </ClInclude>
    <ClInclude Include="..\sim_rev.h">
      <Filter>Header Files</Filter>
    </ClInclude>
    <ClInclude Include="..\sim_serial.h">
      <Filter>Header Files</Filter>
    </ClInclude>
    <ClInclude Include="..\sim_sock.h">
      <Filter>Header Files</Filter>
    </ClInclude>
    <ClInclude Include="..\sim_tape.h">
      <Filter>Header Files</Filter>
    </ClInclude>
    <ClInclude Include="..\sim_timer.h">
      <Filter>Header Files</Filter>
    </ClInclude>
    <ClInclude Include="..\sim_tmxr.h">
      <Filter>Header Files</Filter>
    </ClInclude>
    <ClInclude Include="..\sim_video.h">
      <Filter>Header Files</Filter>
    </ClInclude>
  </ItemGroup>
</Project>