<?xml version="1.0" encoding="utf-8"?>
<Project ToolsVersion="4.0" xmlns="http://schemas.microsoft.com/developer/msbuild/2003">
  <ItemGroup>
    <Filter Include="Source Files">
      <UniqueIdentifier>{f4101879-13d7-4d34-bd71-1848b007d987}</UniqueIdentifier>
      <Extensions>cpp;c;cxx;def;odl;idl;hpj;bat;asm</Extensions>
    </Filter>
    <Filter Include="Header Files">
      <UniqueIdentifier>{0a8faa20-70a9-459c-87b6-4da98b6cd3ca}</UniqueIdentifier>
      <Extensions>h;hpp;hxx;hm;inl;inc</Extensions>
    </Filter>
    <Filter Include="Resource Files">
      <UniqueIdentifier>{192c9fed-de50-48ea-be2a-85586b8e7e22}</UniqueIdentifier>
      <Extensions>rc;ico;cur;bmp;dlg;rc2;rct;bin;rgs;gif;jpg;jpeg;jpe</Extensions>
    </Filter>
  </ItemGroup>
  <ItemGroup>
    <ClCompile Include="..\display\display.c">
      <Filter>Source Files</Filter>
    </ClCompile>
    <ClCompile Include="..\..\windows-build\pthreads\pthread.c">
      <Filter>Source Files</Filter>
    </ClCompile>
    <ClCompile Include="..\scp.c">
      <Filter>Source Files</Filter>
    </ClCompile>
    <ClCompile Include="..\sim_console.c">
      <Filter>Source Files</Filter>
    </ClCompile>
    <ClCompile Include="..\sim_disk.c">
      <Filter>Source Files</Filter>
    </ClCompile>
    <ClCompile Include="..\sim_ether.c">
      <Filter>Source Files</Filter>
    </ClCompile>
    <ClCompile Include="..\sim_fio.c">
      <Filter>Source Files</Filter>
    </ClCompile>
    <ClCompile Include="..\sim_serial.c">
      <Filter>Source Files</Filter>
    </ClCompile>
    <ClCompile Include="..\sim_sock.c">
      <Filter>Source Files</Filter>
    </ClCompile>
    <ClCompile Include="..\sim_tape.c">
      <Filter>Source Files</Filter>
    </ClCompile>
    <ClCompile Include="..\sim_timer.c">
      <Filter>Source Files</Filter>
    </ClCompile>
    <ClCompile Include="..\sim_tmxr.c">
      <Filter>Source Files</Filter>
    </ClCompile>
    <ClCompile Include="..\sim_video.c">
      <Filter>Source Files</Filter>
    </ClCompile>
    <ClCompile Include="..\display\sim_ws.c">
      <Filter>Source Files</Filter>
    </ClCompile>
    <ClCompile Include="..\tt2500\tt2500_cpu.c">
      <Filter>Source Files</Filter>
    </ClCompile>
    <ClCompile Include="..\tt2500\tt2500_crt.c">
      <Filter>Source Files</Filter>
    </ClCompile>
    <ClCompile Include="..\tt2500\tt2500_dpy.c">
      <Filter>Source Files</Filter>
    </ClCompile>
    <ClCompile Include="..\tt2500\tt2500_key.c">
      <Filter>Source Files</Filter>
    </ClCompile>
    <ClCompile Include="..\tt2500\tt2500_rom.c">
      <Filter>Source Files</Filter>
    </ClCompile>
    <ClCompile Include="..\tt2500\tt2500_sys.c">
      <Filter>Source Files</Filter>
    </ClCompile>
    <ClCompile Include="..\tt2500\tt2500_tv.c">
      <Filter>Source Files</Filter>
    </ClCompile>
    <ClCompile Include="..\tt2500\tt2500_uart.c">
      <Filter>Source Files</Filter>
    </ClCompile>
  </ItemGroup>
  <ItemGroup>
    <ClInclude Include="..\display\display.h">
      <Filter>Header Files</Filter>
    </ClInclude>
    <ClInclude Include="..\scp.h">
      <Filter>Header Files</Filter>
    </ClInclude>
    <ClInclude Include="..\sim_console.h">
      <Filter>Header Files</Filter>
    </ClInclude>
    <ClInclude Include="..\sim_defs.h">
      <Filter>Header Files</Filter>
    </ClInclude>
    <ClInclude Include="..\sim_disk.h">
      <Filter>Header Files</Filter>
    </ClInclude>
    <ClInclude Include="..\sim_ether.h">
      <Filter>Header Files</Filter>
    </ClInclude>
    <ClInclude Include="..\sim_fio.h">
      <Filter>Header Files</Filter>
    </ClInclude>
    <ClInclude Include="..\sim_rev.h">
      <Filter>Header Files</Filter>
    </ClInclude>
    <ClInclude Include="..\sim_serial.h">
      <Filter>Header Files</Filter>
    </ClInclude>
    <ClInclude Include="..\sim_sock.h">
      <Filter>Header Files</Filter>
    </ClInclude>
    <ClInclude Include="..\sim_tape.h">
      <Filter>Header Files</Filter>
    </ClInclude>
    <ClInclude Include="..\sim_timer.h">
      <Filter>Header Files</Filter>
    </ClInclude>
    <ClInclude Include="..\sim_tmxr.h">
      <Filter>Header Files</Filter>
    </ClInclude>
    <ClInclude Include="..\sim_video.h">
      <Filter>Header Files</Filter>
    </ClInclude>
    <ClInclude Include="..\tt2500\tt2500_defs.h">
      <Filter>Header Files</Filter>
    </ClInclude>
    <ClInclude Include="..\display\ws.h">
      <Filter>Header Files</Filter>
    </ClInclude>
  </ItemGroup>
</Project>