<?xml version="1.0" encoding="utf-8"?>
<Project ToolsVersion="4.0" xmlns="http://schemas.microsoft.com/developer/msbuild/2003">
  <ItemGroup>
    <Filter Include="Source Files">
      <UniqueIdentifier>{5d70fb1d-8871-4287-84b3-e24c6fda2d42}</UniqueIdentifier>
      <Extensions>cpp;c;cxx;def;odl;idl;hpj;bat;asm</Extensions>
    </Filter>
    <Filter Include="Header Files">
      <UniqueIdentifier>{b107a45c-955f-4772-b531-3f3b760702de}</UniqueIdentifier>
      <Extensions>h;hpp;hxx;hm;inl;inc</Extensions>
    </Filter>
    <Filter Include="Resource Files">
      <UniqueIdentifier>{dfbdcf14-ba55-490a-abbd-18b1def427ec}</UniqueIdentifier>
      <Extensions>rc;ico;cur;bmp;dlg;rc2;rct;bin;rgs;gif;jpg;jpeg;jpe</Extensions>
    </Filter>
  </ItemGroup>
  <ItemGroup>
    <ClCompile Include="..\PDP11\pdp11_cis.c">
      <Filter>Source Files</Filter>
    </ClCompile>
    <ClCompile Include="..\PDP11\pdp11_cpu.c">
      <Filter>Source Files</Filter>
    </ClCompile>
    <ClCompile Include="..\PDP11\pdp11_cpumod.c">
      <Filter>Source Files</Filter>
    </ClCompile>
    <ClCompile Include="..\PDP11\pdp11_cr.c">
      <Filter>Source Files</Filter>
    </ClCompile>
    <ClCompile Include="..\PDP11\pdp11_fp.c">
      <Filter>Source Files</Filter>
    </ClCompile>
    <ClCompile Include="..\PDP11\pdp11_io.c">
      <Filter>Source Files</Filter>
    </ClCompile>
    <ClCompile Include="..\PDP11\pdp11_io_lib.c">
      <Filter>Source Files</Filter>
    </ClCompile>
    <ClCompile Include="..\PDP11\pdp11_lp.c">
      <Filter>Source Files</Filter>
    </ClCompile>
    <ClCompile Include="..\PDP11\pdp11_rh.c">
      <Filter>Source Files</Filter>
    </ClCompile>
    <ClCompile Include="..\PDP11\pdp11_rk.c">
      <Filter>Source Files</Filter>
    </ClCompile>
    <ClCompile Include="..\PDP11\pdp11_stddev.c">
      <Filter>Source Files</Filter>
    </ClCompile>
    <ClCompile Include="..\PDP11\pdp11_sys.c">
      <Filter>Source Files</Filter>
    </ClCompile>
    <ClCompile Include="..\PDP11\pdp11_uc15.c">
      <Filter>Source Files</Filter>
    </ClCompile>
    <ClCompile Include="..\scp.c">
      <Filter>Source Files</Filter>
    </ClCompile>
    <ClCompile Include="..\sim_console.c">
      <Filter>Source Files</Filter>
    </ClCompile>
    <ClCompile Include="..\sim_disk.c">
      <Filter>Source Files</Filter>
    </ClCompile>
    <ClCompile Include="..\sim_ether.c">
      <Filter>Source Files</Filter>
    </ClCompile>
    <ClCompile Include="..\sim_fio.c">
      <Filter>Source Files</Filter>
    </ClCompile>
    <ClCompile Include="..\sim_serial.c">
      <Filter>Source Files</Filter>
    </ClCompile>
    <ClCompile Include="..\sim_sock.c">
      <Filter>Source Files</Filter>
    </ClCompile>
    <ClCompile Include="..\sim_tape.c">
      <Filter>Source Files</Filter>
    </ClCompile>
    <ClCompile Include="..\sim_timer.c">
      <Filter>Source Files</Filter>
    </ClCompile>
    <ClCompile Include="..\sim_tmxr.c">
      <Filter>Source Files</Filter>
    </ClCompile>
    <ClCompile Include="..\sim_video.c">
      <Filter>Source Files</Filter>
    </ClCompile>
  </ItemGroup>
  <ItemGroup>
    <ClInclude Include="..\PDP11\pdp11_cpumod.h">
      <Filter>Header Files</Filter>
    </ClInclude>
    <ClInclude Include="..\PDP11\pdp11_cr_dat.h">
      <Filter>Header Files</Filter>
    </ClInclude>
    <ClInclude Include="..\PDP11\pdp11_defs.h">
      <Filter>Header Files</Filter>
    </ClInclude>
    <ClInclude Include="..\PDP11\pdp11_io_lib.h">
      <Filter>Header Files</Filter>
    </ClInclude>
    <ClInclude Include="..\scp.h">
      <Filter>Header Files</Filter>
    </ClInclude>
    <ClInclude Include="..\sim_console.h">
      <Filter>Header Files</Filter>
    </ClInclude>
    <ClInclude Include="..\sim_defs.h">
      <Filter>Header Files</Filter>
    </ClInclude>
    <ClInclude Include="..\sim_disk.h">
      <Filter>Header Files</Filter>
    </ClInclude>
    <ClInclude Include="..\sim_ether.h">
      <Filter>Header Files</Filter>
    </ClInclude>
    <ClInclude Include="..\sim_fio.h">
      <Filter>Header Files</Filter>
    </ClInclude>
    <ClInclude Include="..\sim_rev.h">
      <Filter>Header Files</Filter>
    </ClInclude>
    <ClInclude Include="..\sim_serial.h">
      <Filter>Header Files</Filter>
    </ClInclude>
    <ClInclude Include="..\sim_shmem.h">
      <Filter>Header Files</Filter>
    </ClInclude>
    <ClInclude Include="..\sim_sock.h">
      <Filter>Header Files</Filter>
    </ClInclude>
    <ClInclude Include="..\sim_tape.h">
      <Filter>Header Files</Filter>
    </ClInclude>
    <ClInclude Include="..\sim_timer.h">
      <Filter>Header Files</Filter>
    </ClInclude>
    <ClInclude Include="..\sim_tmxr.h">
      <Filter>Header Files</Filter>
    </ClInclude>
    <ClInclude Include="..\sim_video.h">
      <Filter>Header Files</Filter>
    </ClInclude>
  </ItemGroup>
</Project>